// !$*UTF8*$!
{
	archiveVersion = 1;
	classes = {
	};
	objectVersion = 46;
	objects = {

/* Begin PBXBuildFile section */
		530AA63B1EA89C15005B527A /* LogInVIEW.m in Sources */ = {isa = PBXBuildFile; fileRef = 530AA63A1EA89C15005B527A /* LogInVIEW.m */; };
		530AA63E1EA89CE5005B527A /* RegistrationVW.m in Sources */ = {isa = PBXBuildFile; fileRef = 530AA63D1EA89CE5005B527A /* RegistrationVW.m */; };
		530AA6441EA8DBC3005B527A /* CommonWS.m in Sources */ = {isa = PBXBuildFile; fileRef = 530AA6431EA8DBC3005B527A /* CommonWS.m */; };
		530AA6471EA901D9005B527A /* MobileVerification.m in Sources */ = {isa = PBXBuildFile; fileRef = 530AA6461EA901D9005B527A /* MobileVerification.m */; };
		530AA64A1EA902F8005B527A /* ForgotPasswordVW.m in Sources */ = {isa = PBXBuildFile; fileRef = 530AA6491EA902F8005B527A /* ForgotPasswordVW.m */; };
		530BD1071E935E3600DEC9DE /* UpcomingCell.m in Sources */ = {isa = PBXBuildFile; fileRef = 530BD0FF1E935E3600DEC9DE /* UpcomingCell.m */; };
		530BD1081E935E3600DEC9DE /* UpcomingCell.xib in Resources */ = {isa = PBXBuildFile; fileRef = 530BD1001E935E3600DEC9DE /* UpcomingCell.xib */; };
		530BD1091E935E3600DEC9DE /* ServiceListCELL.m in Sources */ = {isa = PBXBuildFile; fileRef = 530BD1021E935E3600DEC9DE /* ServiceListCELL.m */; };
		530BD10A1E935E3600DEC9DE /* ServiceListCELL.xib in Resources */ = {isa = PBXBuildFile; fileRef = 530BD1031E935E3600DEC9DE /* ServiceListCELL.xib */; };
		530BD10B1E935E3600DEC9DE /* CVCell.m in Sources */ = {isa = PBXBuildFile; fileRef = 530BD1051E935E3600DEC9DE /* CVCell.m */; };
		530BD10C1E935E3600DEC9DE /* CVCell.xib in Resources */ = {isa = PBXBuildFile; fileRef = 530BD1061E935E3600DEC9DE /* CVCell.xib */; };
		530BD10E1E93609600DEC9DE /* 1.png in Resources */ = {isa = PBXBuildFile; fileRef = 530BD10D1E93609600DEC9DE /* 1.png */; };
		530BD1121E93620800DEC9DE /* SeviceListView.m in Sources */ = {isa = PBXBuildFile; fileRef = 530BD1111E93620800DEC9DE /* SeviceListView.m */; };
		530BD1151E9373A400DEC9DE /* ServiceDetailView.m in Sources */ = {isa = PBXBuildFile; fileRef = 530BD1141E9373A400DEC9DE /* ServiceDetailView.m */; };
		530BD11C1E93753C00DEC9DE /* ServiceDetailCELL.m in Sources */ = {isa = PBXBuildFile; fileRef = 530BD11A1E93753C00DEC9DE /* ServiceDetailCELL.m */; };
		530BD11D1E93753C00DEC9DE /* ServiceDetailCELL.xib in Resources */ = {isa = PBXBuildFile; fileRef = 530BD11B1E93753C00DEC9DE /* ServiceDetailCELL.xib */; };
		530BD1201E937D8C00DEC9DE /* Splash.png in Resources */ = {isa = PBXBuildFile; fileRef = 530BD11F1E937D8C00DEC9DE /* Splash.png */; };
		530BD1251E937F4100DEC9DE /* TodayCELL.m in Sources */ = {isa = PBXBuildFile; fileRef = 530BD1231E937F4100DEC9DE /* TodayCELL.m */; };
		530BD1261E937F4100DEC9DE /* TodayCELL.xib in Resources */ = {isa = PBXBuildFile; fileRef = 530BD1241E937F4100DEC9DE /* TodayCELL.xib */; };
		530BD1291E938EB200DEC9DE /* SettingView.m in Sources */ = {isa = PBXBuildFile; fileRef = 530BD1281E938EB200DEC9DE /* SettingView.m */; };
		530BD1311E93C95000DEC9DE /* Settingrectangle.png in Resources */ = {isa = PBXBuildFile; fileRef = 530BD1301E93C95000DEC9DE /* Settingrectangle.png */; };
		534EF7F71EA9CC0C00500611 /* VerificationCodeScreen.m in Sources */ = {isa = PBXBuildFile; fileRef = 534EF7F61EA9CC0C00500611 /* VerificationCodeScreen.m */; };
		53672F911EAB289800B38159 /* Main.storyboard in Resources */ = {isa = PBXBuildFile; fileRef = 53672F901EAB289800B38159 /* Main.storyboard */; };
		B13F2ADB1E92A41D00F5EBB1 /* MBXFreeButtonsViewController.m in Sources */ = {isa = PBXBuildFile; fileRef = B13F2AD71E92A41D00F5EBB1 /* MBXFreeButtonsViewController.m */; };
		B13F2ADC1E92A41D00F5EBB1 /* MBXPageViewController.m in Sources */ = {isa = PBXBuildFile; fileRef = B13F2ADA1E92A41D00F5EBB1 /* MBXPageViewController.m */; };
		B13F2ADE1E92AA8700F5EBB1 /* Natural.jpg in Resources */ = {isa = PBXBuildFile; fileRef = B13F2ADD1E92AA8700F5EBB1 /* Natural.jpg */; };
		B14336B81E90C94F00A0D7A1 /* UpcomingView.m in Sources */ = {isa = PBXBuildFile; fileRef = B14336B71E90C94F00A0D7A1 /* UpcomingView.m */; };
		B14336BB1E90C96B00A0D7A1 /* ServicesView.m in Sources */ = {isa = PBXBuildFile; fileRef = B14336BA1E90C96B00A0D7A1 /* ServicesView.m */; };
		B14336BE1E90C97F00A0D7A1 /* MeView.m in Sources */ = {isa = PBXBuildFile; fileRef = B14336BD1E90C97F00A0D7A1 /* MeView.m */; };
		B16A22851E8F753D00F0E3B3 /* main.m in Sources */ = {isa = PBXBuildFile; fileRef = B16A22841E8F753D00F0E3B3 /* main.m */; };
		B16A22881E8F753D00F0E3B3 /* AppDelegate.m in Sources */ = {isa = PBXBuildFile; fileRef = B16A22871E8F753D00F0E3B3 /* AppDelegate.m */; };
		B16A228B1E8F753E00F0E3B3 /* TodayView.m in Sources */ = {isa = PBXBuildFile; fileRef = B16A228A1E8F753E00F0E3B3 /* TodayView.m */; };
		B16A22901E8F753E00F0E3B3 /* Assets.xcassets in Resources */ = {isa = PBXBuildFile; fileRef = B16A228F1E8F753E00F0E3B3 /* Assets.xcassets */; };
		B16A22931E8F753E00F0E3B3 /* LaunchScreen.storyboard in Resources */ = {isa = PBXBuildFile; fileRef = B16A22911E8F753E00F0E3B3 /* LaunchScreen.storyboard */; };
		B16A23CF1E8F75C200F0E3B3 /* AFAutoPurgingImageCache.m in Sources */ = {isa = PBXBuildFile; fileRef = B16A23521E8F75C200F0E3B3 /* AFAutoPurgingImageCache.m */; };
		B16A23D01E8F75C200F0E3B3 /* AFHTTPRequestOperation.m in Sources */ = {isa = PBXBuildFile; fileRef = B16A23541E8F75C200F0E3B3 /* AFHTTPRequestOperation.m */; };
		B16A23D11E8F75C200F0E3B3 /* AFHTTPRequestOperationManager.m in Sources */ = {isa = PBXBuildFile; fileRef = B16A23561E8F75C200F0E3B3 /* AFHTTPRequestOperationManager.m */; };
		B16A23D21E8F75C200F0E3B3 /* AFHTTPSessionManager.m in Sources */ = {isa = PBXBuildFile; fileRef = B16A23581E8F75C200F0E3B3 /* AFHTTPSessionManager.m */; };
		B16A23D31E8F75C200F0E3B3 /* AFImageDownloader.m in Sources */ = {isa = PBXBuildFile; fileRef = B16A235A1E8F75C200F0E3B3 /* AFImageDownloader.m */; };
		B16A23D41E8F75C200F0E3B3 /* AFNetworkActivityIndicatorManager.m in Sources */ = {isa = PBXBuildFile; fileRef = B16A235C1E8F75C200F0E3B3 /* AFNetworkActivityIndicatorManager.m */; };
		B16A23D51E8F75C200F0E3B3 /* AFNetworkReachabilityManager.m in Sources */ = {isa = PBXBuildFile; fileRef = B16A235F1E8F75C200F0E3B3 /* AFNetworkReachabilityManager.m */; };
		B16A23D61E8F75C200F0E3B3 /* AFSecurityPolicy.m in Sources */ = {isa = PBXBuildFile; fileRef = B16A23611E8F75C200F0E3B3 /* AFSecurityPolicy.m */; };
		B16A23D71E8F75C200F0E3B3 /* AFURLConnectionOperation.m in Sources */ = {isa = PBXBuildFile; fileRef = B16A23631E8F75C200F0E3B3 /* AFURLConnectionOperation.m */; };
		B16A23D81E8F75C200F0E3B3 /* AFURLRequestSerialization.m in Sources */ = {isa = PBXBuildFile; fileRef = B16A23651E8F75C200F0E3B3 /* AFURLRequestSerialization.m */; };
		B16A23D91E8F75C200F0E3B3 /* AFURLResponseSerialization.m in Sources */ = {isa = PBXBuildFile; fileRef = B16A23671E8F75C200F0E3B3 /* AFURLResponseSerialization.m */; };
		B16A23DA1E8F75C200F0E3B3 /* AFURLSessionManager.m in Sources */ = {isa = PBXBuildFile; fileRef = B16A23691E8F75C200F0E3B3 /* AFURLSessionManager.m */; };
		B16A23DB1E8F75C200F0E3B3 /* UIActivityIndicatorView+AFNetworking.m in Sources */ = {isa = PBXBuildFile; fileRef = B16A236B1E8F75C200F0E3B3 /* UIActivityIndicatorView+AFNetworking.m */; };
		B16A23DC1E8F75C200F0E3B3 /* UIAlertView+AFNetworking.m in Sources */ = {isa = PBXBuildFile; fileRef = B16A236D1E8F75C200F0E3B3 /* UIAlertView+AFNetworking.m */; };
		B16A23DD1E8F75C200F0E3B3 /* UIButton+AFNetworking.m in Sources */ = {isa = PBXBuildFile; fileRef = B16A236F1E8F75C200F0E3B3 /* UIButton+AFNetworking.m */; };
		B16A23DE1E8F75C200F0E3B3 /* UIImageView+AFNetworking.m in Sources */ = {isa = PBXBuildFile; fileRef = B16A23721E8F75C200F0E3B3 /* UIImageView+AFNetworking.m */; };
		B16A23DF1E8F75C200F0E3B3 /* UIProgressView+AFNetworking.m in Sources */ = {isa = PBXBuildFile; fileRef = B16A23751E8F75C200F0E3B3 /* UIProgressView+AFNetworking.m */; };
		B16A23E01E8F75C200F0E3B3 /* UIRefreshControl+AFNetworking.m in Sources */ = {isa = PBXBuildFile; fileRef = B16A23771E8F75C200F0E3B3 /* UIRefreshControl+AFNetworking.m */; };
		B16A23E11E8F75C200F0E3B3 /* UIWebView+AFNetworking.m in Sources */ = {isa = PBXBuildFile; fileRef = B16A23791E8F75C200F0E3B3 /* UIWebView+AFNetworking.m */; };
		B16A23E21E8F75C200F0E3B3 /* IQNSArray+Sort.m in Sources */ = {isa = PBXBuildFile; fileRef = B16A237D1E8F75C200F0E3B3 /* IQNSArray+Sort.m */; };
		B16A23E31E8F75C200F0E3B3 /* IQUIScrollView+Additions.m in Sources */ = {isa = PBXBuildFile; fileRef = B16A237F1E8F75C200F0E3B3 /* IQUIScrollView+Additions.m */; };
		B16A23E41E8F75C200F0E3B3 /* IQUITextFieldView+Additions.m in Sources */ = {isa = PBXBuildFile; fileRef = B16A23811E8F75C200F0E3B3 /* IQUITextFieldView+Additions.m */; };
		B16A23E51E8F75C200F0E3B3 /* IQUIView+Hierarchy.m in Sources */ = {isa = PBXBuildFile; fileRef = B16A23831E8F75C200F0E3B3 /* IQUIView+Hierarchy.m */; };
		B16A23E61E8F75C200F0E3B3 /* IQUIViewController+Additions.m in Sources */ = {isa = PBXBuildFile; fileRef = B16A23851E8F75C200F0E3B3 /* IQUIViewController+Additions.m */; };
		B16A23E71E8F75C200F0E3B3 /* IQUIWindow+Hierarchy.m in Sources */ = {isa = PBXBuildFile; fileRef = B16A23871E8F75C200F0E3B3 /* IQUIWindow+Hierarchy.m */; };
		B16A23E81E8F75C200F0E3B3 /* IQKeyboardManager.m in Sources */ = {isa = PBXBuildFile; fileRef = B16A238C1E8F75C200F0E3B3 /* IQKeyboardManager.m */; };
		B16A23E91E8F75C200F0E3B3 /* IQKeyboardReturnKeyHandler.m in Sources */ = {isa = PBXBuildFile; fileRef = B16A238E1E8F75C200F0E3B3 /* IQKeyboardReturnKeyHandler.m */; };
		B16A23EA1E8F75C200F0E3B3 /* IQTextView.m in Sources */ = {isa = PBXBuildFile; fileRef = B16A23911E8F75C200F0E3B3 /* IQTextView.m */; };
		B16A23EB1E8F75C200F0E3B3 /* IQBarButtonItem.m in Sources */ = {isa = PBXBuildFile; fileRef = B16A23941E8F75C200F0E3B3 /* IQBarButtonItem.m */; };
		B16A23EC1E8F75C200F0E3B3 /* IQPreviousNextView.m in Sources */ = {isa = PBXBuildFile; fileRef = B16A23961E8F75C200F0E3B3 /* IQPreviousNextView.m */; };
		B16A23ED1E8F75C200F0E3B3 /* IQTitleBarButtonItem.m in Sources */ = {isa = PBXBuildFile; fileRef = B16A23981E8F75C200F0E3B3 /* IQTitleBarButtonItem.m */; };
		B16A23EE1E8F75C200F0E3B3 /* IQToolbar.m in Sources */ = {isa = PBXBuildFile; fileRef = B16A239A1E8F75C200F0E3B3 /* IQToolbar.m */; };
		B16A23EF1E8F75C200F0E3B3 /* IQUIView+IQKeyboardToolbar.m in Sources */ = {isa = PBXBuildFile; fileRef = B16A239C1E8F75C200F0E3B3 /* IQUIView+IQKeyboardToolbar.m */; };
		B16A23F01E8F75C200F0E3B3 /* IQKeyboardManager.bundle in Resources */ = {isa = PBXBuildFile; fileRef = B16A239E1E8F75C200F0E3B3 /* IQKeyboardManager.bundle */; };
		B16A23F11E8F75C200F0E3B3 /* UIColor+KVNContrast.m in Sources */ = {isa = PBXBuildFile; fileRef = B16A23A21E8F75C200F0E3B3 /* UIColor+KVNContrast.m */; };
		B16A23F21E8F75C200F0E3B3 /* UIImage+KVNEmpty.m in Sources */ = {isa = PBXBuildFile; fileRef = B16A23A41E8F75C200F0E3B3 /* UIImage+KVNEmpty.m */; };
		B16A23F31E8F75C200F0E3B3 /* UIImage+KVNImageEffects.m in Sources */ = {isa = PBXBuildFile; fileRef = B16A23A61E8F75C200F0E3B3 /* UIImage+KVNImageEffects.m */; };
		B16A23F41E8F75C200F0E3B3 /* KVNProgress.m in Sources */ = {isa = PBXBuildFile; fileRef = B16A23A91E8F75C200F0E3B3 /* KVNProgress.m */; };
		B16A23F51E8F75C200F0E3B3 /* KVNProgressConfiguration.m in Sources */ = {isa = PBXBuildFile; fileRef = B16A23AB1E8F75C200F0E3B3 /* KVNProgressConfiguration.m */; };
		B16A23F61E8F75C200F0E3B3 /* KVNProgressView.xib in Resources */ = {isa = PBXBuildFile; fileRef = B16A23AD1E8F75C200F0E3B3 /* KVNProgressView.xib */; };
		B16A23F71E8F75C200F0E3B3 /* Reachability.m in Sources */ = {isa = PBXBuildFile; fileRef = B16A23B01E8F75C200F0E3B3 /* Reachability.m */; };
		B16A23F81E8F75C200F0E3B3 /* NSData+ImageContentType.m in Sources */ = {isa = PBXBuildFile; fileRef = B16A23B31E8F75C200F0E3B3 /* NSData+ImageContentType.m */; };
		B16A23F91E8F75C200F0E3B3 /* SDImageCache.m in Sources */ = {isa = PBXBuildFile; fileRef = B16A23B51E8F75C200F0E3B3 /* SDImageCache.m */; };
		B16A23FA1E8F75C200F0E3B3 /* SDWebImageCompat.m in Sources */ = {isa = PBXBuildFile; fileRef = B16A23B71E8F75C200F0E3B3 /* SDWebImageCompat.m */; };
		B16A23FB1E8F75C200F0E3B3 /* SDWebImageDecoder.m in Sources */ = {isa = PBXBuildFile; fileRef = B16A23B91E8F75C200F0E3B3 /* SDWebImageDecoder.m */; };
		B16A23FC1E8F75C200F0E3B3 /* SDWebImageDownloader.m in Sources */ = {isa = PBXBuildFile; fileRef = B16A23BB1E8F75C200F0E3B3 /* SDWebImageDownloader.m */; };
		B16A23FD1E8F75C200F0E3B3 /* SDWebImageDownloaderOperation.m in Sources */ = {isa = PBXBuildFile; fileRef = B16A23BD1E8F75C200F0E3B3 /* SDWebImageDownloaderOperation.m */; };
		B16A23FE1E8F75C200F0E3B3 /* SDWebImageManager.m in Sources */ = {isa = PBXBuildFile; fileRef = B16A23BF1E8F75C200F0E3B3 /* SDWebImageManager.m */; };
		B16A23FF1E8F75C200F0E3B3 /* SDWebImagePrefetcher.m in Sources */ = {isa = PBXBuildFile; fileRef = B16A23C21E8F75C200F0E3B3 /* SDWebImagePrefetcher.m */; };
		B16A24001E8F75C200F0E3B3 /* UIButton+WebCache.m in Sources */ = {isa = PBXBuildFile; fileRef = B16A23C41E8F75C200F0E3B3 /* UIButton+WebCache.m */; };
		B16A24011E8F75C200F0E3B3 /* UIImage+GIF.m in Sources */ = {isa = PBXBuildFile; fileRef = B16A23C61E8F75C200F0E3B3 /* UIImage+GIF.m */; };
		B16A24021E8F75C200F0E3B3 /* UIImage+MultiFormat.m in Sources */ = {isa = PBXBuildFile; fileRef = B16A23C81E8F75C200F0E3B3 /* UIImage+MultiFormat.m */; };
		B16A24031E8F75C200F0E3B3 /* UIImageView+HighlightedWebCache.m in Sources */ = {isa = PBXBuildFile; fileRef = B16A23CA1E8F75C200F0E3B3 /* UIImageView+HighlightedWebCache.m */; };
		B16A24041E8F75C200F0E3B3 /* UIImageView+WebCache.m in Sources */ = {isa = PBXBuildFile; fileRef = B16A23CC1E8F75C200F0E3B3 /* UIImageView+WebCache.m */; };
		B16A24051E8F75C200F0E3B3 /* UIView+WebCacheOperation.m in Sources */ = {isa = PBXBuildFile; fileRef = B16A23CE1E8F75C200F0E3B3 /* UIView+WebCacheOperation.m */; };
/* End PBXBuildFile section */

/* Begin PBXFileReference section */
		530AA6391EA89C15005B527A /* LogInVIEW.h */ = {isa = PBXFileReference; fileEncoding = 4; lastKnownFileType = sourcecode.c.h; path = LogInVIEW.h; sourceTree = "<group>"; };
		530AA63A1EA89C15005B527A /* LogInVIEW.m */ = {isa = PBXFileReference; fileEncoding = 4; lastKnownFileType = sourcecode.c.objc; path = LogInVIEW.m; sourceTree = "<group>"; };
		530AA63C1EA89CE5005B527A /* RegistrationVW.h */ = {isa = PBXFileReference; fileEncoding = 4; lastKnownFileType = sourcecode.c.h; path = RegistrationVW.h; sourceTree = "<group>"; };
		530AA63D1EA89CE5005B527A /* RegistrationVW.m */ = {isa = PBXFileReference; fileEncoding = 4; lastKnownFileType = sourcecode.c.objc; path = RegistrationVW.m; sourceTree = "<group>"; };
		530AA6421EA8DBC3005B527A /* CommonWS.h */ = {isa = PBXFileReference; fileEncoding = 4; lastKnownFileType = sourcecode.c.h; path = CommonWS.h; sourceTree = "<group>"; };
		530AA6431EA8DBC3005B527A /* CommonWS.m */ = {isa = PBXFileReference; fileEncoding = 4; lastKnownFileType = sourcecode.c.objc; path = CommonWS.m; sourceTree = "<group>"; };
		530AA6451EA901D9005B527A /* MobileVerification.h */ = {isa = PBXFileReference; fileEncoding = 4; lastKnownFileType = sourcecode.c.h; path = MobileVerification.h; sourceTree = "<group>"; };
		530AA6461EA901D9005B527A /* MobileVerification.m */ = {isa = PBXFileReference; fileEncoding = 4; lastKnownFileType = sourcecode.c.objc; path = MobileVerification.m; sourceTree = "<group>"; };
		530AA6481EA902F8005B527A /* ForgotPasswordVW.h */ = {isa = PBXFileReference; fileEncoding = 4; lastKnownFileType = sourcecode.c.h; path = ForgotPasswordVW.h; sourceTree = "<group>"; };
		530AA6491EA902F8005B527A /* ForgotPasswordVW.m */ = {isa = PBXFileReference; fileEncoding = 4; lastKnownFileType = sourcecode.c.objc; path = ForgotPasswordVW.m; sourceTree = "<group>"; };
		530BD0FE1E935E3600DEC9DE /* UpcomingCell.h */ = {isa = PBXFileReference; fileEncoding = 4; lastKnownFileType = sourcecode.c.h; path = UpcomingCell.h; sourceTree = "<group>"; };
		530BD0FF1E935E3600DEC9DE /* UpcomingCell.m */ = {isa = PBXFileReference; fileEncoding = 4; lastKnownFileType = sourcecode.c.objc; path = UpcomingCell.m; sourceTree = "<group>"; };
		530BD1001E935E3600DEC9DE /* UpcomingCell.xib */ = {isa = PBXFileReference; fileEncoding = 4; lastKnownFileType = file.xib; path = UpcomingCell.xib; sourceTree = "<group>"; };
		530BD1011E935E3600DEC9DE /* ServiceListCELL.h */ = {isa = PBXFileReference; fileEncoding = 4; lastKnownFileType = sourcecode.c.h; path = ServiceListCELL.h; sourceTree = "<group>"; };
		530BD1021E935E3600DEC9DE /* ServiceListCELL.m */ = {isa = PBXFileReference; fileEncoding = 4; lastKnownFileType = sourcecode.c.objc; path = ServiceListCELL.m; sourceTree = "<group>"; };
		530BD1031E935E3600DEC9DE /* ServiceListCELL.xib */ = {isa = PBXFileReference; fileEncoding = 4; lastKnownFileType = file.xib; path = ServiceListCELL.xib; sourceTree = "<group>"; };
		530BD1041E935E3600DEC9DE /* CVCell.h */ = {isa = PBXFileReference; fileEncoding = 4; lastKnownFileType = sourcecode.c.h; path = CVCell.h; sourceTree = "<group>"; };
		530BD1051E935E3600DEC9DE /* CVCell.m */ = {isa = PBXFileReference; fileEncoding = 4; lastKnownFileType = sourcecode.c.objc; path = CVCell.m; sourceTree = "<group>"; };
		530BD1061E935E3600DEC9DE /* CVCell.xib */ = {isa = PBXFileReference; fileEncoding = 4; lastKnownFileType = file.xib; path = CVCell.xib; sourceTree = "<group>"; };
		530BD10D1E93609600DEC9DE /* 1.png */ = {isa = PBXFileReference; lastKnownFileType = image.png; path = 1.png; sourceTree = "<group>"; };
		530BD1101E93620800DEC9DE /* SeviceListView.h */ = {isa = PBXFileReference; fileEncoding = 4; lastKnownFileType = sourcecode.c.h; path = SeviceListView.h; sourceTree = "<group>"; };
		530BD1111E93620800DEC9DE /* SeviceListView.m */ = {isa = PBXFileReference; fileEncoding = 4; lastKnownFileType = sourcecode.c.objc; path = SeviceListView.m; sourceTree = "<group>"; };
		530BD1131E9373A400DEC9DE /* ServiceDetailView.h */ = {isa = PBXFileReference; fileEncoding = 4; lastKnownFileType = sourcecode.c.h; path = ServiceDetailView.h; sourceTree = "<group>"; };
		530BD1141E9373A400DEC9DE /* ServiceDetailView.m */ = {isa = PBXFileReference; fileEncoding = 4; lastKnownFileType = sourcecode.c.objc; path = ServiceDetailView.m; sourceTree = "<group>"; };
		530BD1191E93753C00DEC9DE /* ServiceDetailCELL.h */ = {isa = PBXFileReference; fileEncoding = 4; lastKnownFileType = sourcecode.c.h; path = ServiceDetailCELL.h; sourceTree = "<group>"; };
		530BD11A1E93753C00DEC9DE /* ServiceDetailCELL.m */ = {isa = PBXFileReference; fileEncoding = 4; lastKnownFileType = sourcecode.c.objc; path = ServiceDetailCELL.m; sourceTree = "<group>"; };
		530BD11B1E93753C00DEC9DE /* ServiceDetailCELL.xib */ = {isa = PBXFileReference; fileEncoding = 4; lastKnownFileType = file.xib; path = ServiceDetailCELL.xib; sourceTree = "<group>"; };
		530BD11F1E937D8C00DEC9DE /* Splash.png */ = {isa = PBXFileReference; lastKnownFileType = image.png; path = Splash.png; sourceTree = "<group>"; };
		530BD1221E937F4100DEC9DE /* TodayCELL.h */ = {isa = PBXFileReference; fileEncoding = 4; lastKnownFileType = sourcecode.c.h; path = TodayCELL.h; sourceTree = "<group>"; };
		530BD1231E937F4100DEC9DE /* TodayCELL.m */ = {isa = PBXFileReference; fileEncoding = 4; lastKnownFileType = sourcecode.c.objc; path = TodayCELL.m; sourceTree = "<group>"; };
		530BD1241E937F4100DEC9DE /* TodayCELL.xib */ = {isa = PBXFileReference; fileEncoding = 4; lastKnownFileType = file.xib; path = TodayCELL.xib; sourceTree = "<group>"; };
		530BD1271E938EB200DEC9DE /* SettingView.h */ = {isa = PBXFileReference; fileEncoding = 4; lastKnownFileType = sourcecode.c.h; path = SettingView.h; sourceTree = "<group>"; };
		530BD1281E938EB200DEC9DE /* SettingView.m */ = {isa = PBXFileReference; fileEncoding = 4; lastKnownFileType = sourcecode.c.objc; path = SettingView.m; sourceTree = "<group>"; };
		530BD1301E93C95000DEC9DE /* Settingrectangle.png */ = {isa = PBXFileReference; lastKnownFileType = image.png; path = Settingrectangle.png; sourceTree = "<group>"; };
		534EF7F51EA9CC0C00500611 /* VerificationCodeScreen.h */ = {isa = PBXFileReference; fileEncoding = 4; lastKnownFileType = sourcecode.c.h; path = VerificationCodeScreen.h; sourceTree = "<group>"; };
		534EF7F61EA9CC0C00500611 /* VerificationCodeScreen.m */ = {isa = PBXFileReference; fileEncoding = 4; lastKnownFileType = sourcecode.c.objc; path = VerificationCodeScreen.m; sourceTree = "<group>"; };
		53672F901EAB289800B38159 /* Main.storyboard */ = {isa = PBXFileReference; fileEncoding = 4; lastKnownFileType = file.storyboard; path = Main.storyboard; sourceTree = "<group>"; };
		B13F2AD61E92A41D00F5EBB1 /* MBXFreeButtonsViewController.h */ = {isa = PBXFileReference; fileEncoding = 4; lastKnownFileType = sourcecode.c.h; path = MBXFreeButtonsViewController.h; sourceTree = "<group>"; };
		B13F2AD71E92A41D00F5EBB1 /* MBXFreeButtonsViewController.m */ = {isa = PBXFileReference; fileEncoding = 4; lastKnownFileType = sourcecode.c.objc; path = MBXFreeButtonsViewController.m; sourceTree = "<group>"; };
		B13F2AD91E92A41D00F5EBB1 /* MBXPageViewController.h */ = {isa = PBXFileReference; fileEncoding = 4; lastKnownFileType = sourcecode.c.h; path = MBXPageViewController.h; sourceTree = "<group>"; };
		B13F2ADA1E92A41D00F5EBB1 /* MBXPageViewController.m */ = {isa = PBXFileReference; fileEncoding = 4; lastKnownFileType = sourcecode.c.objc; path = MBXPageViewController.m; sourceTree = "<group>"; };
		B13F2ADD1E92AA8700F5EBB1 /* Natural.jpg */ = {isa = PBXFileReference; lastKnownFileType = image.jpeg; path = Natural.jpg; sourceTree = "<group>"; };
		B14336B61E90C94F00A0D7A1 /* UpcomingView.h */ = {isa = PBXFileReference; fileEncoding = 4; lastKnownFileType = sourcecode.c.h; path = UpcomingView.h; sourceTree = "<group>"; };
		B14336B71E90C94F00A0D7A1 /* UpcomingView.m */ = {isa = PBXFileReference; fileEncoding = 4; lastKnownFileType = sourcecode.c.objc; path = UpcomingView.m; sourceTree = "<group>"; };
		B14336B91E90C96B00A0D7A1 /* ServicesView.h */ = {isa = PBXFileReference; fileEncoding = 4; lastKnownFileType = sourcecode.c.h; path = ServicesView.h; sourceTree = "<group>"; };
		B14336BA1E90C96B00A0D7A1 /* ServicesView.m */ = {isa = PBXFileReference; fileEncoding = 4; lastKnownFileType = sourcecode.c.objc; path = ServicesView.m; sourceTree = "<group>"; };
		B14336BC1E90C97F00A0D7A1 /* MeView.h */ = {isa = PBXFileReference; fileEncoding = 4; lastKnownFileType = sourcecode.c.h; path = MeView.h; sourceTree = "<group>"; };
		B14336BD1E90C97F00A0D7A1 /* MeView.m */ = {isa = PBXFileReference; fileEncoding = 4; lastKnownFileType = sourcecode.c.objc; path = MeView.m; sourceTree = "<group>"; };
		B16A22801E8F753D00F0E3B3 /* MyWedding.app */ = {isa = PBXFileReference; explicitFileType = wrapper.application; includeInIndex = 0; path = MyWedding.app; sourceTree = BUILT_PRODUCTS_DIR; };
		B16A22841E8F753D00F0E3B3 /* main.m */ = {isa = PBXFileReference; lastKnownFileType = sourcecode.c.objc; path = main.m; sourceTree = "<group>"; };
		B16A22861E8F753D00F0E3B3 /* AppDelegate.h */ = {isa = PBXFileReference; lastKnownFileType = sourcecode.c.h; path = AppDelegate.h; sourceTree = "<group>"; };
		B16A22871E8F753D00F0E3B3 /* AppDelegate.m */ = {isa = PBXFileReference; lastKnownFileType = sourcecode.c.objc; path = AppDelegate.m; sourceTree = "<group>"; };
		B16A22891E8F753D00F0E3B3 /* TodayView.h */ = {isa = PBXFileReference; lastKnownFileType = sourcecode.c.h; path = TodayView.h; sourceTree = "<group>"; };
		B16A228A1E8F753E00F0E3B3 /* TodayView.m */ = {isa = PBXFileReference; lastKnownFileType = sourcecode.c.objc; path = TodayView.m; sourceTree = "<group>"; };
		B16A228F1E8F753E00F0E3B3 /* Assets.xcassets */ = {isa = PBXFileReference; lastKnownFileType = folder.assetcatalog; path = Assets.xcassets; sourceTree = "<group>"; };
		B16A22921E8F753E00F0E3B3 /* Base */ = {isa = PBXFileReference; lastKnownFileType = file.storyboard; name = Base; path = Base.lproj/LaunchScreen.storyboard; sourceTree = "<group>"; };
		B16A22941E8F753E00F0E3B3 /* Info.plist */ = {isa = PBXFileReference; lastKnownFileType = text.plist.xml; path = Info.plist; sourceTree = "<group>"; };
		B16A23511E8F75C200F0E3B3 /* AFAutoPurgingImageCache.h */ = {isa = PBXFileReference; fileEncoding = 4; lastKnownFileType = sourcecode.c.h; path = AFAutoPurgingImageCache.h; sourceTree = "<group>"; };
		B16A23521E8F75C200F0E3B3 /* AFAutoPurgingImageCache.m */ = {isa = PBXFileReference; fileEncoding = 4; lastKnownFileType = sourcecode.c.objc; path = AFAutoPurgingImageCache.m; sourceTree = "<group>"; };
		B16A23531E8F75C200F0E3B3 /* AFHTTPRequestOperation.h */ = {isa = PBXFileReference; fileEncoding = 4; lastKnownFileType = sourcecode.c.h; path = AFHTTPRequestOperation.h; sourceTree = "<group>"; };
		B16A23541E8F75C200F0E3B3 /* AFHTTPRequestOperation.m */ = {isa = PBXFileReference; fileEncoding = 4; lastKnownFileType = sourcecode.c.objc; path = AFHTTPRequestOperation.m; sourceTree = "<group>"; };
		B16A23551E8F75C200F0E3B3 /* AFHTTPRequestOperationManager.h */ = {isa = PBXFileReference; fileEncoding = 4; lastKnownFileType = sourcecode.c.h; path = AFHTTPRequestOperationManager.h; sourceTree = "<group>"; };
		B16A23561E8F75C200F0E3B3 /* AFHTTPRequestOperationManager.m */ = {isa = PBXFileReference; fileEncoding = 4; lastKnownFileType = sourcecode.c.objc; path = AFHTTPRequestOperationManager.m; sourceTree = "<group>"; };
		B16A23571E8F75C200F0E3B3 /* AFHTTPSessionManager.h */ = {isa = PBXFileReference; fileEncoding = 4; lastKnownFileType = sourcecode.c.h; path = AFHTTPSessionManager.h; sourceTree = "<group>"; };
		B16A23581E8F75C200F0E3B3 /* AFHTTPSessionManager.m */ = {isa = PBXFileReference; fileEncoding = 4; lastKnownFileType = sourcecode.c.objc; path = AFHTTPSessionManager.m; sourceTree = "<group>"; };
		B16A23591E8F75C200F0E3B3 /* AFImageDownloader.h */ = {isa = PBXFileReference; fileEncoding = 4; lastKnownFileType = sourcecode.c.h; path = AFImageDownloader.h; sourceTree = "<group>"; };
		B16A235A1E8F75C200F0E3B3 /* AFImageDownloader.m */ = {isa = PBXFileReference; fileEncoding = 4; lastKnownFileType = sourcecode.c.objc; path = AFImageDownloader.m; sourceTree = "<group>"; };
		B16A235B1E8F75C200F0E3B3 /* AFNetworkActivityIndicatorManager.h */ = {isa = PBXFileReference; fileEncoding = 4; lastKnownFileType = sourcecode.c.h; path = AFNetworkActivityIndicatorManager.h; sourceTree = "<group>"; };
		B16A235C1E8F75C200F0E3B3 /* AFNetworkActivityIndicatorManager.m */ = {isa = PBXFileReference; fileEncoding = 4; lastKnownFileType = sourcecode.c.objc; path = AFNetworkActivityIndicatorManager.m; sourceTree = "<group>"; };
		B16A235D1E8F75C200F0E3B3 /* AFNetworking.h */ = {isa = PBXFileReference; fileEncoding = 4; lastKnownFileType = sourcecode.c.h; path = AFNetworking.h; sourceTree = "<group>"; };
		B16A235E1E8F75C200F0E3B3 /* AFNetworkReachabilityManager.h */ = {isa = PBXFileReference; fileEncoding = 4; lastKnownFileType = sourcecode.c.h; path = AFNetworkReachabilityManager.h; sourceTree = "<group>"; };
		B16A235F1E8F75C200F0E3B3 /* AFNetworkReachabilityManager.m */ = {isa = PBXFileReference; fileEncoding = 4; lastKnownFileType = sourcecode.c.objc; path = AFNetworkReachabilityManager.m; sourceTree = "<group>"; };
		B16A23601E8F75C200F0E3B3 /* AFSecurityPolicy.h */ = {isa = PBXFileReference; fileEncoding = 4; lastKnownFileType = sourcecode.c.h; path = AFSecurityPolicy.h; sourceTree = "<group>"; };
		B16A23611E8F75C200F0E3B3 /* AFSecurityPolicy.m */ = {isa = PBXFileReference; fileEncoding = 4; lastKnownFileType = sourcecode.c.objc; path = AFSecurityPolicy.m; sourceTree = "<group>"; };
		B16A23621E8F75C200F0E3B3 /* AFURLConnectionOperation.h */ = {isa = PBXFileReference; fileEncoding = 4; lastKnownFileType = sourcecode.c.h; path = AFURLConnectionOperation.h; sourceTree = "<group>"; };
		B16A23631E8F75C200F0E3B3 /* AFURLConnectionOperation.m */ = {isa = PBXFileReference; fileEncoding = 4; lastKnownFileType = sourcecode.c.objc; path = AFURLConnectionOperation.m; sourceTree = "<group>"; };
		B16A23641E8F75C200F0E3B3 /* AFURLRequestSerialization.h */ = {isa = PBXFileReference; fileEncoding = 4; lastKnownFileType = sourcecode.c.h; path = AFURLRequestSerialization.h; sourceTree = "<group>"; };
		B16A23651E8F75C200F0E3B3 /* AFURLRequestSerialization.m */ = {isa = PBXFileReference; fileEncoding = 4; lastKnownFileType = sourcecode.c.objc; path = AFURLRequestSerialization.m; sourceTree = "<group>"; };
		B16A23661E8F75C200F0E3B3 /* AFURLResponseSerialization.h */ = {isa = PBXFileReference; fileEncoding = 4; lastKnownFileType = sourcecode.c.h; path = AFURLResponseSerialization.h; sourceTree = "<group>"; };
		B16A23671E8F75C200F0E3B3 /* AFURLResponseSerialization.m */ = {isa = PBXFileReference; fileEncoding = 4; lastKnownFileType = sourcecode.c.objc; path = AFURLResponseSerialization.m; sourceTree = "<group>"; };
		B16A23681E8F75C200F0E3B3 /* AFURLSessionManager.h */ = {isa = PBXFileReference; fileEncoding = 4; lastKnownFileType = sourcecode.c.h; path = AFURLSessionManager.h; sourceTree = "<group>"; };
		B16A23691E8F75C200F0E3B3 /* AFURLSessionManager.m */ = {isa = PBXFileReference; fileEncoding = 4; lastKnownFileType = sourcecode.c.objc; path = AFURLSessionManager.m; sourceTree = "<group>"; };
		B16A236A1E8F75C200F0E3B3 /* UIActivityIndicatorView+AFNetworking.h */ = {isa = PBXFileReference; fileEncoding = 4; lastKnownFileType = sourcecode.c.h; path = "UIActivityIndicatorView+AFNetworking.h"; sourceTree = "<group>"; };
		B16A236B1E8F75C200F0E3B3 /* UIActivityIndicatorView+AFNetworking.m */ = {isa = PBXFileReference; fileEncoding = 4; lastKnownFileType = sourcecode.c.objc; path = "UIActivityIndicatorView+AFNetworking.m"; sourceTree = "<group>"; };
		B16A236C1E8F75C200F0E3B3 /* UIAlertView+AFNetworking.h */ = {isa = PBXFileReference; fileEncoding = 4; lastKnownFileType = sourcecode.c.h; path = "UIAlertView+AFNetworking.h"; sourceTree = "<group>"; };
		B16A236D1E8F75C200F0E3B3 /* UIAlertView+AFNetworking.m */ = {isa = PBXFileReference; fileEncoding = 4; lastKnownFileType = sourcecode.c.objc; path = "UIAlertView+AFNetworking.m"; sourceTree = "<group>"; };
		B16A236E1E8F75C200F0E3B3 /* UIButton+AFNetworking.h */ = {isa = PBXFileReference; fileEncoding = 4; lastKnownFileType = sourcecode.c.h; path = "UIButton+AFNetworking.h"; sourceTree = "<group>"; };
		B16A236F1E8F75C200F0E3B3 /* UIButton+AFNetworking.m */ = {isa = PBXFileReference; fileEncoding = 4; lastKnownFileType = sourcecode.c.objc; path = "UIButton+AFNetworking.m"; sourceTree = "<group>"; };
		B16A23701E8F75C200F0E3B3 /* UIImage+AFNetworking.h */ = {isa = PBXFileReference; fileEncoding = 4; lastKnownFileType = sourcecode.c.h; path = "UIImage+AFNetworking.h"; sourceTree = "<group>"; };
		B16A23711E8F75C200F0E3B3 /* UIImageView+AFNetworking.h */ = {isa = PBXFileReference; fileEncoding = 4; lastKnownFileType = sourcecode.c.h; path = "UIImageView+AFNetworking.h"; sourceTree = "<group>"; };
		B16A23721E8F75C200F0E3B3 /* UIImageView+AFNetworking.m */ = {isa = PBXFileReference; fileEncoding = 4; lastKnownFileType = sourcecode.c.objc; path = "UIImageView+AFNetworking.m"; sourceTree = "<group>"; };
		B16A23731E8F75C200F0E3B3 /* UIKit+AFNetworking.h */ = {isa = PBXFileReference; fileEncoding = 4; lastKnownFileType = sourcecode.c.h; path = "UIKit+AFNetworking.h"; sourceTree = "<group>"; };
		B16A23741E8F75C200F0E3B3 /* UIProgressView+AFNetworking.h */ = {isa = PBXFileReference; fileEncoding = 4; lastKnownFileType = sourcecode.c.h; path = "UIProgressView+AFNetworking.h"; sourceTree = "<group>"; };
		B16A23751E8F75C200F0E3B3 /* UIProgressView+AFNetworking.m */ = {isa = PBXFileReference; fileEncoding = 4; lastKnownFileType = sourcecode.c.objc; path = "UIProgressView+AFNetworking.m"; sourceTree = "<group>"; };
		B16A23761E8F75C200F0E3B3 /* UIRefreshControl+AFNetworking.h */ = {isa = PBXFileReference; fileEncoding = 4; lastKnownFileType = sourcecode.c.h; path = "UIRefreshControl+AFNetworking.h"; sourceTree = "<group>"; };
		B16A23771E8F75C200F0E3B3 /* UIRefreshControl+AFNetworking.m */ = {isa = PBXFileReference; fileEncoding = 4; lastKnownFileType = sourcecode.c.objc; path = "UIRefreshControl+AFNetworking.m"; sourceTree = "<group>"; };
		B16A23781E8F75C200F0E3B3 /* UIWebView+AFNetworking.h */ = {isa = PBXFileReference; fileEncoding = 4; lastKnownFileType = sourcecode.c.h; path = "UIWebView+AFNetworking.h"; sourceTree = "<group>"; };
		B16A23791E8F75C200F0E3B3 /* UIWebView+AFNetworking.m */ = {isa = PBXFileReference; fileEncoding = 4; lastKnownFileType = sourcecode.c.objc; path = "UIWebView+AFNetworking.m"; sourceTree = "<group>"; };
		B16A237C1E8F75C200F0E3B3 /* IQNSArray+Sort.h */ = {isa = PBXFileReference; fileEncoding = 4; lastKnownFileType = sourcecode.c.h; path = "IQNSArray+Sort.h"; sourceTree = "<group>"; };
		B16A237D1E8F75C200F0E3B3 /* IQNSArray+Sort.m */ = {isa = PBXFileReference; fileEncoding = 4; lastKnownFileType = sourcecode.c.objc; path = "IQNSArray+Sort.m"; sourceTree = "<group>"; };
		B16A237E1E8F75C200F0E3B3 /* IQUIScrollView+Additions.h */ = {isa = PBXFileReference; fileEncoding = 4; lastKnownFileType = sourcecode.c.h; path = "IQUIScrollView+Additions.h"; sourceTree = "<group>"; };
		B16A237F1E8F75C200F0E3B3 /* IQUIScrollView+Additions.m */ = {isa = PBXFileReference; fileEncoding = 4; lastKnownFileType = sourcecode.c.objc; path = "IQUIScrollView+Additions.m"; sourceTree = "<group>"; };
		B16A23801E8F75C200F0E3B3 /* IQUITextFieldView+Additions.h */ = {isa = PBXFileReference; fileEncoding = 4; lastKnownFileType = sourcecode.c.h; path = "IQUITextFieldView+Additions.h"; sourceTree = "<group>"; };
		B16A23811E8F75C200F0E3B3 /* IQUITextFieldView+Additions.m */ = {isa = PBXFileReference; fileEncoding = 4; lastKnownFileType = sourcecode.c.objc; path = "IQUITextFieldView+Additions.m"; sourceTree = "<group>"; };
		B16A23821E8F75C200F0E3B3 /* IQUIView+Hierarchy.h */ = {isa = PBXFileReference; fileEncoding = 4; lastKnownFileType = sourcecode.c.h; path = "IQUIView+Hierarchy.h"; sourceTree = "<group>"; };
		B16A23831E8F75C200F0E3B3 /* IQUIView+Hierarchy.m */ = {isa = PBXFileReference; fileEncoding = 4; lastKnownFileType = sourcecode.c.objc; path = "IQUIView+Hierarchy.m"; sourceTree = "<group>"; };
		B16A23841E8F75C200F0E3B3 /* IQUIViewController+Additions.h */ = {isa = PBXFileReference; fileEncoding = 4; lastKnownFileType = sourcecode.c.h; path = "IQUIViewController+Additions.h"; sourceTree = "<group>"; };
		B16A23851E8F75C200F0E3B3 /* IQUIViewController+Additions.m */ = {isa = PBXFileReference; fileEncoding = 4; lastKnownFileType = sourcecode.c.objc; path = "IQUIViewController+Additions.m"; sourceTree = "<group>"; };
		B16A23861E8F75C200F0E3B3 /* IQUIWindow+Hierarchy.h */ = {isa = PBXFileReference; fileEncoding = 4; lastKnownFileType = sourcecode.c.h; path = "IQUIWindow+Hierarchy.h"; sourceTree = "<group>"; };
		B16A23871E8F75C200F0E3B3 /* IQUIWindow+Hierarchy.m */ = {isa = PBXFileReference; fileEncoding = 4; lastKnownFileType = sourcecode.c.objc; path = "IQUIWindow+Hierarchy.m"; sourceTree = "<group>"; };
		B16A23891E8F75C200F0E3B3 /* IQKeyboardManagerConstants.h */ = {isa = PBXFileReference; fileEncoding = 4; lastKnownFileType = sourcecode.c.h; path = IQKeyboardManagerConstants.h; sourceTree = "<group>"; };
		B16A238A1E8F75C200F0E3B3 /* IQKeyboardManagerConstantsInternal.h */ = {isa = PBXFileReference; fileEncoding = 4; lastKnownFileType = sourcecode.c.h; path = IQKeyboardManagerConstantsInternal.h; sourceTree = "<group>"; };
		B16A238B1E8F75C200F0E3B3 /* IQKeyboardManager.h */ = {isa = PBXFileReference; fileEncoding = 4; lastKnownFileType = sourcecode.c.h; path = IQKeyboardManager.h; sourceTree = "<group>"; };
		B16A238C1E8F75C200F0E3B3 /* IQKeyboardManager.m */ = {isa = PBXFileReference; fileEncoding = 4; lastKnownFileType = sourcecode.c.objc; path = IQKeyboardManager.m; sourceTree = "<group>"; };
		B16A238D1E8F75C200F0E3B3 /* IQKeyboardReturnKeyHandler.h */ = {isa = PBXFileReference; fileEncoding = 4; lastKnownFileType = sourcecode.c.h; path = IQKeyboardReturnKeyHandler.h; sourceTree = "<group>"; };
		B16A238E1E8F75C200F0E3B3 /* IQKeyboardReturnKeyHandler.m */ = {isa = PBXFileReference; fileEncoding = 4; lastKnownFileType = sourcecode.c.objc; path = IQKeyboardReturnKeyHandler.m; sourceTree = "<group>"; };
		B16A23901E8F75C200F0E3B3 /* IQTextView.h */ = {isa = PBXFileReference; fileEncoding = 4; lastKnownFileType = sourcecode.c.h; path = IQTextView.h; sourceTree = "<group>"; };
		B16A23911E8F75C200F0E3B3 /* IQTextView.m */ = {isa = PBXFileReference; fileEncoding = 4; lastKnownFileType = sourcecode.c.objc; path = IQTextView.m; sourceTree = "<group>"; };
		B16A23931E8F75C200F0E3B3 /* IQBarButtonItem.h */ = {isa = PBXFileReference; fileEncoding = 4; lastKnownFileType = sourcecode.c.h; path = IQBarButtonItem.h; sourceTree = "<group>"; };
		B16A23941E8F75C200F0E3B3 /* IQBarButtonItem.m */ = {isa = PBXFileReference; fileEncoding = 4; lastKnownFileType = sourcecode.c.objc; path = IQBarButtonItem.m; sourceTree = "<group>"; };
		B16A23951E8F75C200F0E3B3 /* IQPreviousNextView.h */ = {isa = PBXFileReference; fileEncoding = 4; lastKnownFileType = sourcecode.c.h; path = IQPreviousNextView.h; sourceTree = "<group>"; };
		B16A23961E8F75C200F0E3B3 /* IQPreviousNextView.m */ = {isa = PBXFileReference; fileEncoding = 4; lastKnownFileType = sourcecode.c.objc; path = IQPreviousNextView.m; sourceTree = "<group>"; };
		B16A23971E8F75C200F0E3B3 /* IQTitleBarButtonItem.h */ = {isa = PBXFileReference; fileEncoding = 4; lastKnownFileType = sourcecode.c.h; path = IQTitleBarButtonItem.h; sourceTree = "<group>"; };
		B16A23981E8F75C200F0E3B3 /* IQTitleBarButtonItem.m */ = {isa = PBXFileReference; fileEncoding = 4; lastKnownFileType = sourcecode.c.objc; path = IQTitleBarButtonItem.m; sourceTree = "<group>"; };
		B16A23991E8F75C200F0E3B3 /* IQToolbar.h */ = {isa = PBXFileReference; fileEncoding = 4; lastKnownFileType = sourcecode.c.h; path = IQToolbar.h; sourceTree = "<group>"; };
		B16A239A1E8F75C200F0E3B3 /* IQToolbar.m */ = {isa = PBXFileReference; fileEncoding = 4; lastKnownFileType = sourcecode.c.objc; path = IQToolbar.m; sourceTree = "<group>"; };
		B16A239B1E8F75C200F0E3B3 /* IQUIView+IQKeyboardToolbar.h */ = {isa = PBXFileReference; fileEncoding = 4; lastKnownFileType = sourcecode.c.h; path = "IQUIView+IQKeyboardToolbar.h"; sourceTree = "<group>"; };
		B16A239C1E8F75C200F0E3B3 /* IQUIView+IQKeyboardToolbar.m */ = {isa = PBXFileReference; fileEncoding = 4; lastKnownFileType = sourcecode.c.objc; path = "IQUIView+IQKeyboardToolbar.m"; sourceTree = "<group>"; };
		B16A239E1E8F75C200F0E3B3 /* IQKeyboardManager.bundle */ = {isa = PBXFileReference; lastKnownFileType = "wrapper.plug-in"; path = IQKeyboardManager.bundle; sourceTree = "<group>"; };
		B16A23A11E8F75C200F0E3B3 /* UIColor+KVNContrast.h */ = {isa = PBXFileReference; fileEncoding = 4; lastKnownFileType = sourcecode.c.h; path = "UIColor+KVNContrast.h"; sourceTree = "<group>"; };
		B16A23A21E8F75C200F0E3B3 /* UIColor+KVNContrast.m */ = {isa = PBXFileReference; fileEncoding = 4; lastKnownFileType = sourcecode.c.objc; path = "UIColor+KVNContrast.m"; sourceTree = "<group>"; };
		B16A23A31E8F75C200F0E3B3 /* UIImage+KVNEmpty.h */ = {isa = PBXFileReference; fileEncoding = 4; lastKnownFileType = sourcecode.c.h; path = "UIImage+KVNEmpty.h"; sourceTree = "<group>"; };
		B16A23A41E8F75C200F0E3B3 /* UIImage+KVNEmpty.m */ = {isa = PBXFileReference; fileEncoding = 4; lastKnownFileType = sourcecode.c.objc; path = "UIImage+KVNEmpty.m"; sourceTree = "<group>"; };
		B16A23A51E8F75C200F0E3B3 /* UIImage+KVNImageEffects.h */ = {isa = PBXFileReference; fileEncoding = 4; lastKnownFileType = sourcecode.c.h; path = "UIImage+KVNImageEffects.h"; sourceTree = "<group>"; };
		B16A23A61E8F75C200F0E3B3 /* UIImage+KVNImageEffects.m */ = {isa = PBXFileReference; fileEncoding = 4; lastKnownFileType = sourcecode.c.objc; path = "UIImage+KVNImageEffects.m"; sourceTree = "<group>"; };
		B16A23A81E8F75C200F0E3B3 /* KVNProgress.h */ = {isa = PBXFileReference; fileEncoding = 4; lastKnownFileType = sourcecode.c.h; path = KVNProgress.h; sourceTree = "<group>"; };
		B16A23A91E8F75C200F0E3B3 /* KVNProgress.m */ = {isa = PBXFileReference; fileEncoding = 4; lastKnownFileType = sourcecode.c.objc; path = KVNProgress.m; sourceTree = "<group>"; };
		B16A23AA1E8F75C200F0E3B3 /* KVNProgressConfiguration.h */ = {isa = PBXFileReference; fileEncoding = 4; lastKnownFileType = sourcecode.c.h; path = KVNProgressConfiguration.h; sourceTree = "<group>"; };
		B16A23AB1E8F75C200F0E3B3 /* KVNProgressConfiguration.m */ = {isa = PBXFileReference; fileEncoding = 4; lastKnownFileType = sourcecode.c.objc; path = KVNProgressConfiguration.m; sourceTree = "<group>"; };
		B16A23AD1E8F75C200F0E3B3 /* KVNProgressView.xib */ = {isa = PBXFileReference; fileEncoding = 4; lastKnownFileType = file.xib; path = KVNProgressView.xib; sourceTree = "<group>"; };
		B16A23AF1E8F75C200F0E3B3 /* Reachability.h */ = {isa = PBXFileReference; fileEncoding = 4; lastKnownFileType = sourcecode.c.h; path = Reachability.h; sourceTree = "<group>"; };
		B16A23B01E8F75C200F0E3B3 /* Reachability.m */ = {isa = PBXFileReference; fileEncoding = 4; lastKnownFileType = sourcecode.c.objc; path = Reachability.m; sourceTree = "<group>"; };
		B16A23B21E8F75C200F0E3B3 /* NSData+ImageContentType.h */ = {isa = PBXFileReference; fileEncoding = 4; lastKnownFileType = sourcecode.c.h; path = "NSData+ImageContentType.h"; sourceTree = "<group>"; };
		B16A23B31E8F75C200F0E3B3 /* NSData+ImageContentType.m */ = {isa = PBXFileReference; fileEncoding = 4; lastKnownFileType = sourcecode.c.objc; path = "NSData+ImageContentType.m"; sourceTree = "<group>"; };
		B16A23B41E8F75C200F0E3B3 /* SDImageCache.h */ = {isa = PBXFileReference; fileEncoding = 4; lastKnownFileType = sourcecode.c.h; path = SDImageCache.h; sourceTree = "<group>"; };
		B16A23B51E8F75C200F0E3B3 /* SDImageCache.m */ = {isa = PBXFileReference; fileEncoding = 4; lastKnownFileType = sourcecode.c.objc; path = SDImageCache.m; sourceTree = "<group>"; };
		B16A23B61E8F75C200F0E3B3 /* SDWebImageCompat.h */ = {isa = PBXFileReference; fileEncoding = 4; lastKnownFileType = sourcecode.c.h; path = SDWebImageCompat.h; sourceTree = "<group>"; };
		B16A23B71E8F75C200F0E3B3 /* SDWebImageCompat.m */ = {isa = PBXFileReference; fileEncoding = 4; lastKnownFileType = sourcecode.c.objc; path = SDWebImageCompat.m; sourceTree = "<group>"; };
		B16A23B81E8F75C200F0E3B3 /* SDWebImageDecoder.h */ = {isa = PBXFileReference; fileEncoding = 4; lastKnownFileType = sourcecode.c.h; path = SDWebImageDecoder.h; sourceTree = "<group>"; };
		B16A23B91E8F75C200F0E3B3 /* SDWebImageDecoder.m */ = {isa = PBXFileReference; fileEncoding = 4; lastKnownFileType = sourcecode.c.objc; path = SDWebImageDecoder.m; sourceTree = "<group>"; };
		B16A23BA1E8F75C200F0E3B3 /* SDWebImageDownloader.h */ = {isa = PBXFileReference; fileEncoding = 4; lastKnownFileType = sourcecode.c.h; path = SDWebImageDownloader.h; sourceTree = "<group>"; };
		B16A23BB1E8F75C200F0E3B3 /* SDWebImageDownloader.m */ = {isa = PBXFileReference; fileEncoding = 4; lastKnownFileType = sourcecode.c.objc; path = SDWebImageDownloader.m; sourceTree = "<group>"; };
		B16A23BC1E8F75C200F0E3B3 /* SDWebImageDownloaderOperation.h */ = {isa = PBXFileReference; fileEncoding = 4; lastKnownFileType = sourcecode.c.h; path = SDWebImageDownloaderOperation.h; sourceTree = "<group>"; };
		B16A23BD1E8F75C200F0E3B3 /* SDWebImageDownloaderOperation.m */ = {isa = PBXFileReference; fileEncoding = 4; lastKnownFileType = sourcecode.c.objc; path = SDWebImageDownloaderOperation.m; sourceTree = "<group>"; };
		B16A23BE1E8F75C200F0E3B3 /* SDWebImageManager.h */ = {isa = PBXFileReference; fileEncoding = 4; lastKnownFileType = sourcecode.c.h; path = SDWebImageManager.h; sourceTree = "<group>"; };
		B16A23BF1E8F75C200F0E3B3 /* SDWebImageManager.m */ = {isa = PBXFileReference; fileEncoding = 4; lastKnownFileType = sourcecode.c.objc; path = SDWebImageManager.m; sourceTree = "<group>"; };
		B16A23C01E8F75C200F0E3B3 /* SDWebImageOperation.h */ = {isa = PBXFileReference; fileEncoding = 4; lastKnownFileType = sourcecode.c.h; path = SDWebImageOperation.h; sourceTree = "<group>"; };
		B16A23C11E8F75C200F0E3B3 /* SDWebImagePrefetcher.h */ = {isa = PBXFileReference; fileEncoding = 4; lastKnownFileType = sourcecode.c.h; path = SDWebImagePrefetcher.h; sourceTree = "<group>"; };
		B16A23C21E8F75C200F0E3B3 /* SDWebImagePrefetcher.m */ = {isa = PBXFileReference; fileEncoding = 4; lastKnownFileType = sourcecode.c.objc; path = SDWebImagePrefetcher.m; sourceTree = "<group>"; };
		B16A23C31E8F75C200F0E3B3 /* UIButton+WebCache.h */ = {isa = PBXFileReference; fileEncoding = 4; lastKnownFileType = sourcecode.c.h; path = "UIButton+WebCache.h"; sourceTree = "<group>"; };
		B16A23C41E8F75C200F0E3B3 /* UIButton+WebCache.m */ = {isa = PBXFileReference; fileEncoding = 4; lastKnownFileType = sourcecode.c.objc; path = "UIButton+WebCache.m"; sourceTree = "<group>"; };
		B16A23C51E8F75C200F0E3B3 /* UIImage+GIF.h */ = {isa = PBXFileReference; fileEncoding = 4; lastKnownFileType = sourcecode.c.h; path = "UIImage+GIF.h"; sourceTree = "<group>"; };
		B16A23C61E8F75C200F0E3B3 /* UIImage+GIF.m */ = {isa = PBXFileReference; fileEncoding = 4; lastKnownFileType = sourcecode.c.objc; path = "UIImage+GIF.m"; sourceTree = "<group>"; };
		B16A23C71E8F75C200F0E3B3 /* UIImage+MultiFormat.h */ = {isa = PBXFileReference; fileEncoding = 4; lastKnownFileType = sourcecode.c.h; path = "UIImage+MultiFormat.h"; sourceTree = "<group>"; };
		B16A23C81E8F75C200F0E3B3 /* UIImage+MultiFormat.m */ = {isa = PBXFileReference; fileEncoding = 4; lastKnownFileType = sourcecode.c.objc; path = "UIImage+MultiFormat.m"; sourceTree = "<group>"; };
		B16A23C91E8F75C200F0E3B3 /* UIImageView+HighlightedWebCache.h */ = {isa = PBXFileReference; fileEncoding = 4; lastKnownFileType = sourcecode.c.h; path = "UIImageView+HighlightedWebCache.h"; sourceTree = "<group>"; };
		B16A23CA1E8F75C200F0E3B3 /* UIImageView+HighlightedWebCache.m */ = {isa = PBXFileReference; fileEncoding = 4; lastKnownFileType = sourcecode.c.objc; path = "UIImageView+HighlightedWebCache.m"; sourceTree = "<group>"; };
		B16A23CB1E8F75C200F0E3B3 /* UIImageView+WebCache.h */ = {isa = PBXFileReference; fileEncoding = 4; lastKnownFileType = sourcecode.c.h; path = "UIImageView+WebCache.h"; sourceTree = "<group>"; };
		B16A23CC1E8F75C200F0E3B3 /* UIImageView+WebCache.m */ = {isa = PBXFileReference; fileEncoding = 4; lastKnownFileType = sourcecode.c.objc; path = "UIImageView+WebCache.m"; sourceTree = "<group>"; };
		B16A23CD1E8F75C200F0E3B3 /* UIView+WebCacheOperation.h */ = {isa = PBXFileReference; fileEncoding = 4; lastKnownFileType = sourcecode.c.h; path = "UIView+WebCacheOperation.h"; sourceTree = "<group>"; };
		B16A23CE1E8F75C200F0E3B3 /* UIView+WebCacheOperation.m */ = {isa = PBXFileReference; fileEncoding = 4; lastKnownFileType = sourcecode.c.objc; path = "UIView+WebCacheOperation.m"; sourceTree = "<group>"; };
		B16A24061E8F75DF00F0E3B3 /* MyWedding.pch */ = {isa = PBXFileReference; fileEncoding = 4; lastKnownFileType = sourcecode.c.h; path = MyWedding.pch; sourceTree = "<group>"; };
/* End PBXFileReference section */

/* Begin PBXFrameworksBuildPhase section */
		B16A227D1E8F753D00F0E3B3 /* Frameworks */ = {
			isa = PBXFrameworksBuildPhase;
			buildActionMask = 2147483647;
			files = (
			);
			runOnlyForDeploymentPostprocessing = 0;
		};
/* End PBXFrameworksBuildPhase section */

/* Begin PBXGroup section */
		530AA6381EA89BF2005B527A /* LoginReg */ = {
			isa = PBXGroup;
			children = (
				530AA6391EA89C15005B527A /* LogInVIEW.h */,
				530AA63A1EA89C15005B527A /* LogInVIEW.m */,
				530AA6451EA901D9005B527A /* MobileVerification.h */,
				530AA6461EA901D9005B527A /* MobileVerification.m */,
				534EF7F51EA9CC0C00500611 /* VerificationCodeScreen.h */,
				534EF7F61EA9CC0C00500611 /* VerificationCodeScreen.m */,
				530AA63C1EA89CE5005B527A /* RegistrationVW.h */,
				530AA63D1EA89CE5005B527A /* RegistrationVW.m */,
				530AA6481EA902F8005B527A /* ForgotPasswordVW.h */,
				530AA6491EA902F8005B527A /* ForgotPasswordVW.m */,
			);
			name = LoginReg;
			sourceTree = "<group>";
		};
		530AA6411EA8DBB1005B527A /* Comman Class */ = {
			isa = PBXGroup;
			children = (
				530AA6421EA8DBC3005B527A /* CommonWS.h */,
				530AA6431EA8DBC3005B527A /* CommonWS.m */,
			);
			name = "Comman Class";
			sourceTree = "<group>";
		};
		530BD0FD1E935E2500DEC9DE /* Cell */ = {
			isa = PBXGroup;
			children = (
				530BD1211E937F2900DEC9DE /* Today */,
				530BD1171E9374EF00DEC9DE /* Upcoming */,
				530BD1161E9374D100DEC9DE /* Service */,
			);
			name = Cell;
			sourceTree = "<group>";
		};
		530BD10F1E9361E900DEC9DE /* ServiceView */ = {
			isa = PBXGroup;
			children = (
				B14336B91E90C96B00A0D7A1 /* ServicesView.h */,
				B14336BA1E90C96B00A0D7A1 /* ServicesView.m */,
				530BD1101E93620800DEC9DE /* SeviceListView.h */,
				530BD1111E93620800DEC9DE /* SeviceListView.m */,
				530BD1131E9373A400DEC9DE /* ServiceDetailView.h */,
				530BD1141E9373A400DEC9DE /* ServiceDetailView.m */,
			);
			name = ServiceView;
			sourceTree = "<group>";
		};
		530BD1161E9374D100DEC9DE /* Service */ = {
			isa = PBXGroup;
			children = (
				530BD1041E935E3600DEC9DE /* CVCell.h */,
				530BD1051E935E3600DEC9DE /* CVCell.m */,
				530BD1061E935E3600DEC9DE /* CVCell.xib */,
				530BD1011E935E3600DEC9DE /* ServiceListCELL.h */,
				530BD1021E935E3600DEC9DE /* ServiceListCELL.m */,
				530BD1031E935E3600DEC9DE /* ServiceListCELL.xib */,
				530BD1191E93753C00DEC9DE /* ServiceDetailCELL.h */,
				530BD11A1E93753C00DEC9DE /* ServiceDetailCELL.m */,
				530BD11B1E93753C00DEC9DE /* ServiceDetailCELL.xib */,
			);
			name = Service;
			sourceTree = "<group>";
		};
		530BD1171E9374EF00DEC9DE /* Upcoming */ = {
			isa = PBXGroup;
			children = (
				530BD0FE1E935E3600DEC9DE /* UpcomingCell.h */,
				530BD0FF1E935E3600DEC9DE /* UpcomingCell.m */,
				530BD1001E935E3600DEC9DE /* UpcomingCell.xib */,
			);
			name = Upcoming;
			sourceTree = "<group>";
		};
		530BD11E1E937D7A00DEC9DE /* Images */ = {
			isa = PBXGroup;
			children = (
				530BD1301E93C95000DEC9DE /* Settingrectangle.png */,
				B13F2ADD1E92AA8700F5EBB1 /* Natural.jpg */,
				530BD10D1E93609600DEC9DE /* 1.png */,
				530BD11F1E937D8C00DEC9DE /* Splash.png */,
			);
			name = Images;
			sourceTree = "<group>";
		};
		530BD1211E937F2900DEC9DE /* Today */ = {
			isa = PBXGroup;
			children = (
				530BD1221E937F4100DEC9DE /* TodayCELL.h */,
				530BD1231E937F4100DEC9DE /* TodayCELL.m */,
				530BD1241E937F4100DEC9DE /* TodayCELL.xib */,
			);
			name = Today;
			sourceTree = "<group>";
		};
		B13F2AD51E92A41D00F5EBB1 /* FreeButtonsDemo */ = {
			isa = PBXGroup;
			children = (
				B13F2AD61E92A41D00F5EBB1 /* MBXFreeButtonsViewController.h */,
				B13F2AD71E92A41D00F5EBB1 /* MBXFreeButtonsViewController.m */,
			);
			path = FreeButtonsDemo;
			sourceTree = "<group>";
		};
		B13F2AD81E92A41D00F5EBB1 /* MBXPageViewController */ = {
			isa = PBXGroup;
			children = (
				B13F2AD91E92A41D00F5EBB1 /* MBXPageViewController.h */,
				B13F2ADA1E92A41D00F5EBB1 /* MBXPageViewController.m */,
			);
			path = MBXPageViewController;
			sourceTree = "<group>";
		};
		B16A22771E8F753D00F0E3B3 = {
			isa = PBXGroup;
			children = (
				B13F2AD51E92A41D00F5EBB1 /* FreeButtonsDemo */,
				B13F2AD81E92A41D00F5EBB1 /* MBXPageViewController */,
				B16A22821E8F753D00F0E3B3 /* MyWedding */,
				B16A22811E8F753D00F0E3B3 /* Products */,
			);
			sourceTree = "<group>";
		};
		B16A22811E8F753D00F0E3B3 /* Products */ = {
			isa = PBXGroup;
			children = (
				B16A22801E8F753D00F0E3B3 /* MyWedding.app */,
			);
			name = Products;
			sourceTree = "<group>";
		};
		B16A22821E8F753D00F0E3B3 /* MyWedding */ = {
			isa = PBXGroup;
			children = (
				530BD0FD1E935E2500DEC9DE /* Cell */,
				530AA6411EA8DBB1005B527A /* Comman Class */,
				530AA6381EA89BF2005B527A /* LoginReg */,
				B16A22861E8F753D00F0E3B3 /* AppDelegate.h */,
				B16A22871E8F753D00F0E3B3 /* AppDelegate.m */,
				B16A22891E8F753D00F0E3B3 /* TodayView.h */,
				B16A228A1E8F753E00F0E3B3 /* TodayView.m */,
				B14336B61E90C94F00A0D7A1 /* UpcomingView.h */,
				B14336B71E90C94F00A0D7A1 /* UpcomingView.m */,
				530BD10F1E9361E900DEC9DE /* ServiceView */,
				B14336BC1E90C97F00A0D7A1 /* MeView.h */,
				B14336BD1E90C97F00A0D7A1 /* MeView.m */,
				530BD1271E938EB200DEC9DE /* SettingView.h */,
				530BD1281E938EB200DEC9DE /* SettingView.m */,
				53672F901EAB289800B38159 /* Main.storyboard */,
				530BD11E1E937D7A00DEC9DE /* Images */,
				B16A228F1E8F753E00F0E3B3 /* Assets.xcassets */,
				B16A22911E8F753E00F0E3B3 /* LaunchScreen.storyboard */,
				B16A22941E8F753E00F0E3B3 /* Info.plist */,
				B16A22831E8F753D00F0E3B3 /* Supporting Files */,
			);
			path = MyWedding;
			sourceTree = "<group>";
		};
		B16A22831E8F753D00F0E3B3 /* Supporting Files */ = {
			isa = PBXGroup;
			children = (
				B16A24061E8F75DF00F0E3B3 /* MyWedding.pch */,
				B16A22841E8F753D00F0E3B3 /* main.m */,
				B16A23501E8F75C200F0E3B3 /* AFNetworking */,
				B16A237A1E8F75C200F0E3B3 /* IQKeyboardManager */,
				B16A239F1E8F75C200F0E3B3 /* KVNProgress */,
				B16A23AE1E8F75C200F0E3B3 /* Rechability */,
				B16A23B11E8F75C200F0E3B3 /* WEB IMG */,
			);
			name = "Supporting Files";
			sourceTree = "<group>";
		};
		B16A23501E8F75C200F0E3B3 /* AFNetworking */ = {
			isa = PBXGroup;
			children = (
				B16A23511E8F75C200F0E3B3 /* AFAutoPurgingImageCache.h */,
				B16A23521E8F75C200F0E3B3 /* AFAutoPurgingImageCache.m */,
				B16A23531E8F75C200F0E3B3 /* AFHTTPRequestOperation.h */,
				B16A23541E8F75C200F0E3B3 /* AFHTTPRequestOperation.m */,
				B16A23551E8F75C200F0E3B3 /* AFHTTPRequestOperationManager.h */,
				B16A23561E8F75C200F0E3B3 /* AFHTTPRequestOperationManager.m */,
				B16A23571E8F75C200F0E3B3 /* AFHTTPSessionManager.h */,
				B16A23581E8F75C200F0E3B3 /* AFHTTPSessionManager.m */,
				B16A23591E8F75C200F0E3B3 /* AFImageDownloader.h */,
				B16A235A1E8F75C200F0E3B3 /* AFImageDownloader.m */,
				B16A235B1E8F75C200F0E3B3 /* AFNetworkActivityIndicatorManager.h */,
				B16A235C1E8F75C200F0E3B3 /* AFNetworkActivityIndicatorManager.m */,
				B16A235D1E8F75C200F0E3B3 /* AFNetworking.h */,
				B16A235E1E8F75C200F0E3B3 /* AFNetworkReachabilityManager.h */,
				B16A235F1E8F75C200F0E3B3 /* AFNetworkReachabilityManager.m */,
				B16A23601E8F75C200F0E3B3 /* AFSecurityPolicy.h */,
				B16A23611E8F75C200F0E3B3 /* AFSecurityPolicy.m */,
				B16A23621E8F75C200F0E3B3 /* AFURLConnectionOperation.h */,
				B16A23631E8F75C200F0E3B3 /* AFURLConnectionOperation.m */,
				B16A23641E8F75C200F0E3B3 /* AFURLRequestSerialization.h */,
				B16A23651E8F75C200F0E3B3 /* AFURLRequestSerialization.m */,
				B16A23661E8F75C200F0E3B3 /* AFURLResponseSerialization.h */,
				B16A23671E8F75C200F0E3B3 /* AFURLResponseSerialization.m */,
				B16A23681E8F75C200F0E3B3 /* AFURLSessionManager.h */,
				B16A23691E8F75C200F0E3B3 /* AFURLSessionManager.m */,
				B16A236A1E8F75C200F0E3B3 /* UIActivityIndicatorView+AFNetworking.h */,
				B16A236B1E8F75C200F0E3B3 /* UIActivityIndicatorView+AFNetworking.m */,
				B16A236C1E8F75C200F0E3B3 /* UIAlertView+AFNetworking.h */,
				B16A236D1E8F75C200F0E3B3 /* UIAlertView+AFNetworking.m */,
				B16A236E1E8F75C200F0E3B3 /* UIButton+AFNetworking.h */,
				B16A236F1E8F75C200F0E3B3 /* UIButton+AFNetworking.m */,
				B16A23701E8F75C200F0E3B3 /* UIImage+AFNetworking.h */,
				B16A23711E8F75C200F0E3B3 /* UIImageView+AFNetworking.h */,
				B16A23721E8F75C200F0E3B3 /* UIImageView+AFNetworking.m */,
				B16A23731E8F75C200F0E3B3 /* UIKit+AFNetworking.h */,
				B16A23741E8F75C200F0E3B3 /* UIProgressView+AFNetworking.h */,
				B16A23751E8F75C200F0E3B3 /* UIProgressView+AFNetworking.m */,
				B16A23761E8F75C200F0E3B3 /* UIRefreshControl+AFNetworking.h */,
				B16A23771E8F75C200F0E3B3 /* UIRefreshControl+AFNetworking.m */,
				B16A23781E8F75C200F0E3B3 /* UIWebView+AFNetworking.h */,
				B16A23791E8F75C200F0E3B3 /* UIWebView+AFNetworking.m */,
			);
			path = AFNetworking;
			sourceTree = "<group>";
		};
		B16A237A1E8F75C200F0E3B3 /* IQKeyboardManager */ = {
			isa = PBXGroup;
			children = (
				B16A237B1E8F75C200F0E3B3 /* Categories */,
				B16A23881E8F75C200F0E3B3 /* Constants */,
				B16A238B1E8F75C200F0E3B3 /* IQKeyboardManager.h */,
				B16A238C1E8F75C200F0E3B3 /* IQKeyboardManager.m */,
				B16A238D1E8F75C200F0E3B3 /* IQKeyboardReturnKeyHandler.h */,
				B16A238E1E8F75C200F0E3B3 /* IQKeyboardReturnKeyHandler.m */,
				B16A238F1E8F75C200F0E3B3 /* IQTextView */,
				B16A23921E8F75C200F0E3B3 /* IQToolbar */,
				B16A239D1E8F75C200F0E3B3 /* Resources */,
			);
			path = IQKeyboardManager;
			sourceTree = "<group>";
		};
		B16A237B1E8F75C200F0E3B3 /* Categories */ = {
			isa = PBXGroup;
			children = (
				B16A237C1E8F75C200F0E3B3 /* IQNSArray+Sort.h */,
				B16A237D1E8F75C200F0E3B3 /* IQNSArray+Sort.m */,
				B16A237E1E8F75C200F0E3B3 /* IQUIScrollView+Additions.h */,
				B16A237F1E8F75C200F0E3B3 /* IQUIScrollView+Additions.m */,
				B16A23801E8F75C200F0E3B3 /* IQUITextFieldView+Additions.h */,
				B16A23811E8F75C200F0E3B3 /* IQUITextFieldView+Additions.m */,
				B16A23821E8F75C200F0E3B3 /* IQUIView+Hierarchy.h */,
				B16A23831E8F75C200F0E3B3 /* IQUIView+Hierarchy.m */,
				B16A23841E8F75C200F0E3B3 /* IQUIViewController+Additions.h */,
				B16A23851E8F75C200F0E3B3 /* IQUIViewController+Additions.m */,
				B16A23861E8F75C200F0E3B3 /* IQUIWindow+Hierarchy.h */,
				B16A23871E8F75C200F0E3B3 /* IQUIWindow+Hierarchy.m */,
			);
			path = Categories;
			sourceTree = "<group>";
		};
		B16A23881E8F75C200F0E3B3 /* Constants */ = {
			isa = PBXGroup;
			children = (
				B16A23891E8F75C200F0E3B3 /* IQKeyboardManagerConstants.h */,
				B16A238A1E8F75C200F0E3B3 /* IQKeyboardManagerConstantsInternal.h */,
			);
			path = Constants;
			sourceTree = "<group>";
		};
		B16A238F1E8F75C200F0E3B3 /* IQTextView */ = {
			isa = PBXGroup;
			children = (
				B16A23901E8F75C200F0E3B3 /* IQTextView.h */,
				B16A23911E8F75C200F0E3B3 /* IQTextView.m */,
			);
			path = IQTextView;
			sourceTree = "<group>";
		};
		B16A23921E8F75C200F0E3B3 /* IQToolbar */ = {
			isa = PBXGroup;
			children = (
				B16A23931E8F75C200F0E3B3 /* IQBarButtonItem.h */,
				B16A23941E8F75C200F0E3B3 /* IQBarButtonItem.m */,
				B16A23951E8F75C200F0E3B3 /* IQPreviousNextView.h */,
				B16A23961E8F75C200F0E3B3 /* IQPreviousNextView.m */,
				B16A23971E8F75C200F0E3B3 /* IQTitleBarButtonItem.h */,
				B16A23981E8F75C200F0E3B3 /* IQTitleBarButtonItem.m */,
				B16A23991E8F75C200F0E3B3 /* IQToolbar.h */,
				B16A239A1E8F75C200F0E3B3 /* IQToolbar.m */,
				B16A239B1E8F75C200F0E3B3 /* IQUIView+IQKeyboardToolbar.h */,
				B16A239C1E8F75C200F0E3B3 /* IQUIView+IQKeyboardToolbar.m */,
			);
			path = IQToolbar;
			sourceTree = "<group>";
		};
		B16A239D1E8F75C200F0E3B3 /* Resources */ = {
			isa = PBXGroup;
			children = (
				B16A239E1E8F75C200F0E3B3 /* IQKeyboardManager.bundle */,
			);
			path = Resources;
			sourceTree = "<group>";
		};
		B16A239F1E8F75C200F0E3B3 /* KVNProgress */ = {
			isa = PBXGroup;
			children = (
				B16A23A01E8F75C200F0E3B3 /* Categories */,
				B16A23A71E8F75C200F0E3B3 /* Classes */,
				B16A23AC1E8F75C200F0E3B3 /* Resources */,
			);
			path = KVNProgress;
			sourceTree = "<group>";
		};
		B16A23A01E8F75C200F0E3B3 /* Categories */ = {
			isa = PBXGroup;
			children = (
				B16A23A11E8F75C200F0E3B3 /* UIColor+KVNContrast.h */,
				B16A23A21E8F75C200F0E3B3 /* UIColor+KVNContrast.m */,
				B16A23A31E8F75C200F0E3B3 /* UIImage+KVNEmpty.h */,
				B16A23A41E8F75C200F0E3B3 /* UIImage+KVNEmpty.m */,
				B16A23A51E8F75C200F0E3B3 /* UIImage+KVNImageEffects.h */,
				B16A23A61E8F75C200F0E3B3 /* UIImage+KVNImageEffects.m */,
			);
			path = Categories;
			sourceTree = "<group>";
		};
		B16A23A71E8F75C200F0E3B3 /* Classes */ = {
			isa = PBXGroup;
			children = (
				B16A23A81E8F75C200F0E3B3 /* KVNProgress.h */,
				B16A23A91E8F75C200F0E3B3 /* KVNProgress.m */,
				B16A23AA1E8F75C200F0E3B3 /* KVNProgressConfiguration.h */,
				B16A23AB1E8F75C200F0E3B3 /* KVNProgressConfiguration.m */,
			);
			path = Classes;
			sourceTree = "<group>";
		};
		B16A23AC1E8F75C200F0E3B3 /* Resources */ = {
			isa = PBXGroup;
			children = (
				B16A23AD1E8F75C200F0E3B3 /* KVNProgressView.xib */,
			);
			path = Resources;
			sourceTree = "<group>";
		};
		B16A23AE1E8F75C200F0E3B3 /* Rechability */ = {
			isa = PBXGroup;
			children = (
				B16A23AF1E8F75C200F0E3B3 /* Reachability.h */,
				B16A23B01E8F75C200F0E3B3 /* Reachability.m */,
			);
			path = Rechability;
			sourceTree = "<group>";
		};
		B16A23B11E8F75C200F0E3B3 /* WEB IMG */ = {
			isa = PBXGroup;
			children = (
				B16A23B21E8F75C200F0E3B3 /* NSData+ImageContentType.h */,
				B16A23B31E8F75C200F0E3B3 /* NSData+ImageContentType.m */,
				B16A23B41E8F75C200F0E3B3 /* SDImageCache.h */,
				B16A23B51E8F75C200F0E3B3 /* SDImageCache.m */,
				B16A23B61E8F75C200F0E3B3 /* SDWebImageCompat.h */,
				B16A23B71E8F75C200F0E3B3 /* SDWebImageCompat.m */,
				B16A23B81E8F75C200F0E3B3 /* SDWebImageDecoder.h */,
				B16A23B91E8F75C200F0E3B3 /* SDWebImageDecoder.m */,
				B16A23BA1E8F75C200F0E3B3 /* SDWebImageDownloader.h */,
				B16A23BB1E8F75C200F0E3B3 /* SDWebImageDownloader.m */,
				B16A23BC1E8F75C200F0E3B3 /* SDWebImageDownloaderOperation.h */,
				B16A23BD1E8F75C200F0E3B3 /* SDWebImageDownloaderOperation.m */,
				B16A23BE1E8F75C200F0E3B3 /* SDWebImageManager.h */,
				B16A23BF1E8F75C200F0E3B3 /* SDWebImageManager.m */,
				B16A23C01E8F75C200F0E3B3 /* SDWebImageOperation.h */,
				B16A23C11E8F75C200F0E3B3 /* SDWebImagePrefetcher.h */,
				B16A23C21E8F75C200F0E3B3 /* SDWebImagePrefetcher.m */,
				B16A23C31E8F75C200F0E3B3 /* UIButton+WebCache.h */,
				B16A23C41E8F75C200F0E3B3 /* UIButton+WebCache.m */,
				B16A23C51E8F75C200F0E3B3 /* UIImage+GIF.h */,
				B16A23C61E8F75C200F0E3B3 /* UIImage+GIF.m */,
				B16A23C71E8F75C200F0E3B3 /* UIImage+MultiFormat.h */,
				B16A23C81E8F75C200F0E3B3 /* UIImage+MultiFormat.m */,
				B16A23C91E8F75C200F0E3B3 /* UIImageView+HighlightedWebCache.h */,
				B16A23CA1E8F75C200F0E3B3 /* UIImageView+HighlightedWebCache.m */,
				B16A23CB1E8F75C200F0E3B3 /* UIImageView+WebCache.h */,
				B16A23CC1E8F75C200F0E3B3 /* UIImageView+WebCache.m */,
				B16A23CD1E8F75C200F0E3B3 /* UIView+WebCacheOperation.h */,
				B16A23CE1E8F75C200F0E3B3 /* UIView+WebCacheOperation.m */,
			);
			path = "WEB IMG";
			sourceTree = "<group>";
		};
/* End PBXGroup section */

/* Begin PBXNativeTarget section */
		B16A227F1E8F753D00F0E3B3 /* MyWedding */ = {
			isa = PBXNativeTarget;
			buildConfigurationList = B16A22971E8F753E00F0E3B3 /* Build configuration list for PBXNativeTarget "MyWedding" */;
			buildPhases = (
				B16A227C1E8F753D00F0E3B3 /* Sources */,
				B16A227D1E8F753D00F0E3B3 /* Frameworks */,
				B16A227E1E8F753D00F0E3B3 /* Resources */,
			);
			buildRules = (
			);
			dependencies = (
			);
			name = MyWedding;
			productName = MyWedding;
			productReference = B16A22801E8F753D00F0E3B3 /* MyWedding.app */;
			productType = "com.apple.product-type.application";
		};
/* End PBXNativeTarget section */

/* Begin PBXProject section */
		B16A22781E8F753D00F0E3B3 /* Project object */ = {
			isa = PBXProject;
			attributes = {
				LastUpgradeCheck = 0820;
				ORGANIZATIONNAME = kaushik;
				TargetAttributes = {
					B16A227F1E8F753D00F0E3B3 = {
						CreatedOnToolsVersion = 8.2.1;
						DevelopmentTeam = 7PFD68G63X;
						ProvisioningStyle = Manual;
					};
				};
			};
			buildConfigurationList = B16A227B1E8F753D00F0E3B3 /* Build configuration list for PBXProject "MyWedding" */;
			compatibilityVersion = "Xcode 3.2";
			developmentRegion = English;
			hasScannedForEncodings = 0;
			knownRegions = (
				en,
				Base,
			);
			mainGroup = B16A22771E8F753D00F0E3B3;
			productRefGroup = B16A22811E8F753D00F0E3B3 /* Products */;
			projectDirPath = "";
			projectRoot = "";
			targets = (
				B16A227F1E8F753D00F0E3B3 /* MyWedding */,
			);
		};
/* End PBXProject section */

/* Begin PBXResourcesBuildPhase section */
		B16A227E1E8F753D00F0E3B3 /* Resources */ = {
			isa = PBXResourcesBuildPhase;
			buildActionMask = 2147483647;
			files = (
				B16A22931E8F753E00F0E3B3 /* LaunchScreen.storyboard in Resources */,
				530BD10A1E935E3600DEC9DE /* ServiceListCELL.xib in Resources */,
				B16A23F61E8F75C200F0E3B3 /* KVNProgressView.xib in Resources */,
				530BD11D1E93753C00DEC9DE /* ServiceDetailCELL.xib in Resources */,
				530BD1201E937D8C00DEC9DE /* Splash.png in Resources */,
				530BD1311E93C95000DEC9DE /* Settingrectangle.png in Resources */,
				530BD10C1E935E3600DEC9DE /* CVCell.xib in Resources */,
				B16A22901E8F753E00F0E3B3 /* Assets.xcassets in Resources */,
				B16A23F01E8F75C200F0E3B3 /* IQKeyboardManager.bundle in Resources */,
				530BD1081E935E3600DEC9DE /* UpcomingCell.xib in Resources */,
				53672F911EAB289800B38159 /* Main.storyboard in Resources */,
				B13F2ADE1E92AA8700F5EBB1 /* Natural.jpg in Resources */,
				530BD1261E937F4100DEC9DE /* TodayCELL.xib in Resources */,
				530BD10E1E93609600DEC9DE /* 1.png in Resources */,
			);
			runOnlyForDeploymentPostprocessing = 0;
		};
/* End PBXResourcesBuildPhase section */

/* Begin PBXSourcesBuildPhase section */
		B16A227C1E8F753D00F0E3B3 /* Sources */ = {
			isa = PBXSourcesBuildPhase;
			buildActionMask = 2147483647;
			files = (
				B16A23DA1E8F75C200F0E3B3 /* AFURLSessionManager.m in Sources */,
				B16A24001E8F75C200F0E3B3 /* UIButton+WebCache.m in Sources */,
				B16A23E31E8F75C200F0E3B3 /* IQUIScrollView+Additions.m in Sources */,
				530BD11C1E93753C00DEC9DE /* ServiceDetailCELL.m in Sources */,
				530BD1091E935E3600DEC9DE /* ServiceListCELL.m in Sources */,
				530BD1071E935E3600DEC9DE /* UpcomingCell.m in Sources */,
				B16A228B1E8F753E00F0E3B3 /* TodayView.m in Sources */,
				B16A23DD1E8F75C200F0E3B3 /* UIButton+AFNetworking.m in Sources */,
				530BD1151E9373A400DEC9DE /* ServiceDetailView.m in Sources */,
				B16A23E51E8F75C200F0E3B3 /* IQUIView+Hierarchy.m in Sources */,
				B16A22881E8F753D00F0E3B3 /* AppDelegate.m in Sources */,
				534EF7F71EA9CC0C00500611 /* VerificationCodeScreen.m in Sources */,
				B16A23EB1E8F75C200F0E3B3 /* IQBarButtonItem.m in Sources */,
				B13F2ADB1E92A41D00F5EBB1 /* MBXFreeButtonsViewController.m in Sources */,
				B16A23F91E8F75C200F0E3B3 /* SDImageCache.m in Sources */,
				B16A23F11E8F75C200F0E3B3 /* UIColor+KVNContrast.m in Sources */,
				B16A23F81E8F75C200F0E3B3 /* NSData+ImageContentType.m in Sources */,
				B16A23EF1E8F75C200F0E3B3 /* IQUIView+IQKeyboardToolbar.m in Sources */,
				530BD1291E938EB200DEC9DE /* SettingView.m in Sources */,
				530AA64A1EA902F8005B527A /* ForgotPasswordVW.m in Sources */,
				B16A23E21E8F75C200F0E3B3 /* IQNSArray+Sort.m in Sources */,
				B16A23F71E8F75C200F0E3B3 /* Reachability.m in Sources */,
				530BD1251E937F4100DEC9DE /* TodayCELL.m in Sources */,
				B16A23DF1E8F75C200F0E3B3 /* UIProgressView+AFNetworking.m in Sources */,
				530BD1121E93620800DEC9DE /* SeviceListView.m in Sources */,
				B16A23D51E8F75C200F0E3B3 /* AFNetworkReachabilityManager.m in Sources */,
				B16A23F41E8F75C200F0E3B3 /* KVNProgress.m in Sources */,
				B16A23D11E8F75C200F0E3B3 /* AFHTTPRequestOperationManager.m in Sources */,
				B16A24031E8F75C200F0E3B3 /* UIImageView+HighlightedWebCache.m in Sources */,
				B16A23ED1E8F75C200F0E3B3 /* IQTitleBarButtonItem.m in Sources */,
				B16A23FD1E8F75C200F0E3B3 /* SDWebImageDownloaderOperation.m in Sources */,
				B16A23D71E8F75C200F0E3B3 /* AFURLConnectionOperation.m in Sources */,
				B16A24041E8F75C200F0E3B3 /* UIImageView+WebCache.m in Sources */,
				B16A23EA1E8F75C200F0E3B3 /* IQTextView.m in Sources */,
				B16A23E01E8F75C200F0E3B3 /* UIRefreshControl+AFNetworking.m in Sources */,
				B16A23D01E8F75C200F0E3B3 /* AFHTTPRequestOperation.m in Sources */,
				B16A23FA1E8F75C200F0E3B3 /* SDWebImageCompat.m in Sources */,
				B16A23D81E8F75C200F0E3B3 /* AFURLRequestSerialization.m in Sources */,
				B16A24011E8F75C200F0E3B3 /* UIImage+GIF.m in Sources */,
				B16A23DE1E8F75C200F0E3B3 /* UIImageView+AFNetworking.m in Sources */,
				530AA63B1EA89C15005B527A /* LogInVIEW.m in Sources */,
				B16A24021E8F75C200F0E3B3 /* UIImage+MultiFormat.m in Sources */,
				B16A23F51E8F75C200F0E3B3 /* KVNProgressConfiguration.m in Sources */,
				B16A22851E8F753D00F0E3B3 /* main.m in Sources */,
				B16A23F31E8F75C200F0E3B3 /* UIImage+KVNImageEffects.m in Sources */,
				B16A23FE1E8F75C200F0E3B3 /* SDWebImageManager.m in Sources */,
				B16A23FB1E8F75C200F0E3B3 /* SDWebImageDecoder.m in Sources */,
				B16A23E61E8F75C200F0E3B3 /* IQUIViewController+Additions.m in Sources */,
				B16A23DC1E8F75C200F0E3B3 /* UIAlertView+AFNetworking.m in Sources */,
				B16A23D21E8F75C200F0E3B3 /* AFHTTPSessionManager.m in Sources */,
				B16A23CF1E8F75C200F0E3B3 /* AFAutoPurgingImageCache.m in Sources */,
				B16A23E11E8F75C200F0E3B3 /* UIWebView+AFNetworking.m in Sources */,
				B16A23FC1E8F75C200F0E3B3 /* SDWebImageDownloader.m in Sources */,
				B16A23EC1E8F75C200F0E3B3 /* IQPreviousNextView.m in Sources */,
				B14336BE1E90C97F00A0D7A1 /* MeView.m in Sources */,
				B16A23E41E8F75C200F0E3B3 /* IQUITextFieldView+Additions.m in Sources */,
				B16A23D31E8F75C200F0E3B3 /* AFImageDownloader.m in Sources */,
				B16A23F21E8F75C200F0E3B3 /* UIImage+KVNEmpty.m in Sources */,
				530AA6441EA8DBC3005B527A /* CommonWS.m in Sources */,
				B16A23FF1E8F75C200F0E3B3 /* SDWebImagePrefetcher.m in Sources */,
				B13F2ADC1E92A41D00F5EBB1 /* MBXPageViewController.m in Sources */,
				B16A23E81E8F75C200F0E3B3 /* IQKeyboardManager.m in Sources */,
				B16A23E71E8F75C200F0E3B3 /* IQUIWindow+Hierarchy.m in Sources */,
				B14336B81E90C94F00A0D7A1 /* UpcomingView.m in Sources */,
				B16A23E91E8F75C200F0E3B3 /* IQKeyboardReturnKeyHandler.m in Sources */,
				B16A23EE1E8F75C200F0E3B3 /* IQToolbar.m in Sources */,
				B16A23D61E8F75C200F0E3B3 /* AFSecurityPolicy.m in Sources */,
				B14336BB1E90C96B00A0D7A1 /* ServicesView.m in Sources */,
				B16A24051E8F75C200F0E3B3 /* UIView+WebCacheOperation.m in Sources */,
				530AA63E1EA89CE5005B527A /* RegistrationVW.m in Sources */,
				530AA6471EA901D9005B527A /* MobileVerification.m in Sources */,
				530BD10B1E935E3600DEC9DE /* CVCell.m in Sources */,
				B16A23D91E8F75C200F0E3B3 /* AFURLResponseSerialization.m in Sources */,
				B16A23DB1E8F75C200F0E3B3 /* UIActivityIndicatorView+AFNetworking.m in Sources */,
				B16A23D41E8F75C200F0E3B3 /* AFNetworkActivityIndicatorManager.m in Sources */,
			);
			runOnlyForDeploymentPostprocessing = 0;
		};
/* End PBXSourcesBuildPhase section */

/* Begin PBXVariantGroup section */
		B16A22911E8F753E00F0E3B3 /* LaunchScreen.storyboard */ = {
			isa = PBXVariantGroup;
			children = (
				B16A22921E8F753E00F0E3B3 /* Base */,
			);
			name = LaunchScreen.storyboard;
			sourceTree = "<group>";
		};
/* End PBXVariantGroup section */

/* Begin XCBuildConfiguration section */
		B16A22951E8F753E00F0E3B3 /* Debug */ = {
			isa = XCBuildConfiguration;
			buildSettings = {
				ALWAYS_SEARCH_USER_PATHS = NO;
				CLANG_ANALYZER_NONNULL = YES;
				CLANG_CXX_LANGUAGE_STANDARD = "gnu++0x";
				CLANG_CXX_LIBRARY = "libc++";
				CLANG_ENABLE_MODULES = YES;
				CLANG_ENABLE_OBJC_ARC = YES;
				CLANG_WARN_BOOL_CONVERSION = YES;
				CLANG_WARN_CONSTANT_CONVERSION = YES;
				CLANG_WARN_DIRECT_OBJC_ISA_USAGE = YES_ERROR;
				CLANG_WARN_DOCUMENTATION_COMMENTS = YES;
				CLANG_WARN_EMPTY_BODY = YES;
				CLANG_WARN_ENUM_CONVERSION = YES;
				CLANG_WARN_INFINITE_RECURSION = YES;
				CLANG_WARN_INT_CONVERSION = YES;
				CLANG_WARN_OBJC_ROOT_CLASS = YES_ERROR;
				CLANG_WARN_SUSPICIOUS_MOVE = YES;
				CLANG_WARN_UNREACHABLE_CODE = YES;
				CLANG_WARN__DUPLICATE_METHOD_MATCH = YES;
				"CODE_SIGN_IDENTITY[sdk=iphoneos*]" = "iPhone Developer";
				COPY_PHASE_STRIP = NO;
				DEBUG_INFORMATION_FORMAT = dwarf;
				ENABLE_STRICT_OBJC_MSGSEND = YES;
				ENABLE_TESTABILITY = YES;
				GCC_C_LANGUAGE_STANDARD = gnu99;
				GCC_DYNAMIC_NO_PIC = NO;
				GCC_NO_COMMON_BLOCKS = YES;
				GCC_OPTIMIZATION_LEVEL = 0;
				GCC_PREPROCESSOR_DEFINITIONS = (
					"DEBUG=1",
					"$(inherited)",
				);
				GCC_WARN_64_TO_32_BIT_CONVERSION = YES;
				GCC_WARN_ABOUT_RETURN_TYPE = YES_ERROR;
				GCC_WARN_UNDECLARED_SELECTOR = YES;
				GCC_WARN_UNINITIALIZED_AUTOS = YES_AGGRESSIVE;
				GCC_WARN_UNUSED_FUNCTION = YES;
				GCC_WARN_UNUSED_VARIABLE = YES;
				IPHONEOS_DEPLOYMENT_TARGET = 10.2;
				MTL_ENABLE_DEBUG_INFO = YES;
				ONLY_ACTIVE_ARCH = YES;
				SDKROOT = iphoneos;
			};
			name = Debug;
		};
		B16A22961E8F753E00F0E3B3 /* Release */ = {
			isa = XCBuildConfiguration;
			buildSettings = {
				ALWAYS_SEARCH_USER_PATHS = NO;
				CLANG_ANALYZER_NONNULL = YES;
				CLANG_CXX_LANGUAGE_STANDARD = "gnu++0x";
				CLANG_CXX_LIBRARY = "libc++";
				CLANG_ENABLE_MODULES = YES;
				CLANG_ENABLE_OBJC_ARC = YES;
				CLANG_WARN_BOOL_CONVERSION = YES;
				CLANG_WARN_CONSTANT_CONVERSION = YES;
				CLANG_WARN_DIRECT_OBJC_ISA_USAGE = YES_ERROR;
				CLANG_WARN_DOCUMENTATION_COMMENTS = YES;
				CLANG_WARN_EMPTY_BODY = YES;
				CLANG_WARN_ENUM_CONVERSION = YES;
				CLANG_WARN_INFINITE_RECURSION = YES;
				CLANG_WARN_INT_CONVERSION = YES;
				CLANG_WARN_OBJC_ROOT_CLASS = YES_ERROR;
				CLANG_WARN_SUSPICIOUS_MOVE = YES;
				CLANG_WARN_UNREACHABLE_CODE = YES;
				CLANG_WARN__DUPLICATE_METHOD_MATCH = YES;
				"CODE_SIGN_IDENTITY[sdk=iphoneos*]" = "iPhone Developer";
				COPY_PHASE_STRIP = NO;
				DEBUG_INFORMATION_FORMAT = "dwarf-with-dsym";
				ENABLE_NS_ASSERTIONS = NO;
				ENABLE_STRICT_OBJC_MSGSEND = YES;
				GCC_C_LANGUAGE_STANDARD = gnu99;
				GCC_NO_COMMON_BLOCKS = YES;
				GCC_WARN_64_TO_32_BIT_CONVERSION = YES;
				GCC_WARN_ABOUT_RETURN_TYPE = YES_ERROR;
				GCC_WARN_UNDECLARED_SELECTOR = YES;
				GCC_WARN_UNINITIALIZED_AUTOS = YES_AGGRESSIVE;
				GCC_WARN_UNUSED_FUNCTION = YES;
				GCC_WARN_UNUSED_VARIABLE = YES;
				IPHONEOS_DEPLOYMENT_TARGET = 10.2;
				MTL_ENABLE_DEBUG_INFO = NO;
				SDKROOT = iphoneos;
				VALIDATE_PRODUCT = YES;
			};
			name = Release;
		};
		B16A22981E8F753E00F0E3B3 /* Debug */ = {
			isa = XCBuildConfiguration;
			buildSettings = {
				ASSETCATALOG_COMPILER_APPICON_NAME = AppIcon;
				"CODE_SIGN_IDENTITY[sdk=iphoneos*]" = "iPhone Developer";
				DEVELOPMENT_TEAM = 7PFD68G63X;
				INFOPLIST_FILE = MyWedding/Info.plist;
				IPHONEOS_DEPLOYMENT_TARGET = 8.3;
				LD_RUNPATH_SEARCH_PATHS = "$(inherited) @executable_path/Frameworks";
				PRODUCT_BUNDLE_IDENTIFIER = com.jkinfosoft.MyWedding;
				PRODUCT_NAME = "$(TARGET_NAME)";
				PROVISIONING_PROFILE = "c89d27cb-4a53-4471-8d61-774ffac2c843";
				PROVISIONING_PROFILE_SPECIFIER = Mywedding_Dev;
			};
			name = Debug;
		};
		B16A22991E8F753E00F0E3B3 /* Release */ = {
			isa = XCBuildConfiguration;
			buildSettings = {
				ASSETCATALOG_COMPILER_APPICON_NAME = AppIcon;
				"CODE_SIGN_IDENTITY[sdk=iphoneos*]" = "iPhone Developer";
				DEVELOPMENT_TEAM = 7PFD68G63X;
				INFOPLIST_FILE = MyWedding/Info.plist;
				IPHONEOS_DEPLOYMENT_TARGET = 8.3;
				LD_RUNPATH_SEARCH_PATHS = "$(inherited) @executable_path/Frameworks";
				PRODUCT_BUNDLE_IDENTIFIER = com.jkinfosoft.MyWedding;
				PRODUCT_NAME = "$(TARGET_NAME)";
				PROVISIONING_PROFILE = "c89d27cb-4a53-4471-8d61-774ffac2c843";
				PROVISIONING_PROFILE_SPECIFIER = Mywedding_Dev;
			};
			name = Release;
		};
/* End XCBuildConfiguration section */

/* Begin XCConfigurationList section */
		B16A227B1E8F753D00F0E3B3 /* Build configuration list for PBXProject "MyWedding" */ = {
			isa = XCConfigurationList;
			buildConfigurations = (
				B16A22951E8F753E00F0E3B3 /* Debug */,
				B16A22961E8F753E00F0E3B3 /* Release */,
			);
			defaultConfigurationIsVisible = 0;
			defaultConfigurationName = Release;
		};
		B16A22971E8F753E00F0E3B3 /* Build configuration list for PBXNativeTarget "MyWedding" */ = {
			isa = XCConfigurationList;
			buildConfigurations = (
				B16A22981E8F753E00F0E3B3 /* Debug */,
				B16A22991E8F753E00F0E3B3 /* Release */,
			);
			defaultConfigurationIsVisible = 0;
			defaultConfigurationName = Release;
		};
/* End XCConfigurationList section */
	};
	rootObject = B16A22781E8F753D00F0E3B3 /* Project object */;
}
